// !$*UTF8*$!
{
	archiveVersion = 1;
	classes = {
	};
	objectVersion = 56;
	objects = {

/* Begin PBXBuildFile section */
		344CAFF0FA1DA9173AADA967 /* Pods_AbbaSwiftUI.framework in Frameworks */ = {isa = PBXBuildFile; fileRef = B0BA244CD45975F0D3C5F1E0 /* Pods_AbbaSwiftUI.framework */; };
		67E92D1E2ED4161985376D7A /* Pods_AbbaSwiftUI_AbbaSwiftUIUITests.framework in Frameworks */ = {isa = PBXBuildFile; fileRef = 827E04458DC15BC0B179DED0 /* Pods_AbbaSwiftUI_AbbaSwiftUIUITests.framework */; };
		8F06A1182CC08A9900165504 /* HTMLDatos.swift in Sources */ = {isa = PBXBuildFile; fileRef = 8F06A1172CC08A9900165504 /* HTMLDatos.swift */; };
		8F06A11B2CC0BB4800165504 /* GlobalVariablesSettings.swift in Sources */ = {isa = PBXBuildFile; fileRef = 8F06A11A2CC0BB4800165504 /* GlobalVariablesSettings.swift */; };
		8F0ADAF52CC1F8D7005F84C4 /* ListaAmigosIniciarPlanViewModel.swift in Sources */ = {isa = PBXBuildFile; fileRef = 8F0ADAF42CC1F8D7005F84C4 /* ListaAmigosIniciarPlanViewModel.swift */; };
		8F0ADAF72CC1F8ED005F84C4 /* ListaAmigosIniciarPlanView.swift in Sources */ = {isa = PBXBuildFile; fileRef = 8F0ADAF62CC1F8ED005F84C4 /* ListaAmigosIniciarPlanView.swift */; };
		8F0B37AB2CAE4A7200A261E4 /* AbbaSwiftUIApp.swift in Sources */ = {isa = PBXBuildFile; fileRef = 8F0B37AA2CAE4A7200A261E4 /* AbbaSwiftUIApp.swift */; };
		8F0B37AF2CAE4A7400A261E4 /* Assets.xcassets in Resources */ = {isa = PBXBuildFile; fileRef = 8F0B37AE2CAE4A7400A261E4 /* Assets.xcassets */; };
		8F0B37B22CAE4A7400A261E4 /* Preview Assets.xcassets in Resources */ = {isa = PBXBuildFile; fileRef = 8F0B37B12CAE4A7400A261E4 /* Preview Assets.xcassets */; };
		8F0B37BC2CAE4A7400A261E4 /* AbbaSwiftUITests.swift in Sources */ = {isa = PBXBuildFile; fileRef = 8F0B37BB2CAE4A7400A261E4 /* AbbaSwiftUITests.swift */; };
		8F0B37C62CAE4A7400A261E4 /* AbbaSwiftUIUITests.swift in Sources */ = {isa = PBXBuildFile; fileRef = 8F0B37C52CAE4A7400A261E4 /* AbbaSwiftUIUITests.swift */; };
		8F0B37C82CAE4A7400A261E4 /* AbbaSwiftUIUITestsLaunchTests.swift in Sources */ = {isa = PBXBuildFile; fileRef = 8F0B37C72CAE4A7400A261E4 /* AbbaSwiftUIUITestsLaunchTests.swift */; };
		8F0B37D62CAE4F1700A261E4 /* DatosGuardadosKeys.swift in Sources */ = {isa = PBXBuildFile; fileRef = 8F0B37D52CAE4F1600A261E4 /* DatosGuardadosKeys.swift */; };
		8F0B37DD2CAE51A700A261E4 /* liberation_sans_bold.ttf in Resources */ = {isa = PBXBuildFile; fileRef = 8F0B37D92CAE51A700A261E4 /* liberation_sans_bold.ttf */; };
		8F0B37DE2CAE51A700A261E4 /* montserratmedium.ttf in Resources */ = {isa = PBXBuildFile; fileRef = 8F0B37DA2CAE51A700A261E4 /* montserratmedium.ttf */; };
		8F0B37DF2CAE51A700A261E4 /* montserratregular.ttf in Resources */ = {isa = PBXBuildFile; fileRef = 8F0B37DB2CAE51A700A261E4 /* montserratregular.ttf */; };
		8F0B37E02CAE51A700A261E4 /* medel.ttf in Resources */ = {isa = PBXBuildFile; fileRef = 8F0B37DC2CAE51A700A261E4 /* medel.ttf */; };
		8F0B37E92CAE544900A261E4 /* NotificationService.swift in Sources */ = {isa = PBXBuildFile; fileRef = 8F0B37E82CAE544900A261E4 /* NotificationService.swift */; };
		8F0B37ED2CAE544900A261E4 /* OneSignalNotificationServiceExtension.appex in Embed Foundation Extensions */ = {isa = PBXBuildFile; fileRef = 8F0B37E62CAE544900A261E4 /* OneSignalNotificationServiceExtension.appex */; settings = {ATTRIBUTES = (RemoveHeadersOnCopy, ); }; };
		8F0B37F42CAE54F800A261E4 /* OneSignalExtension in Frameworks */ = {isa = PBXBuildFile; productRef = 8F0B37F32CAE54F800A261E4 /* OneSignalExtension */; };
		8F0B37F62CAE54F800A261E4 /* OneSignalFramework in Frameworks */ = {isa = PBXBuildFile; productRef = 8F0B37F52CAE54F800A261E4 /* OneSignalFramework */; };
		8F0B37F82CAE54F800A261E4 /* OneSignalInAppMessages in Frameworks */ = {isa = PBXBuildFile; productRef = 8F0B37F72CAE54F800A261E4 /* OneSignalInAppMessages */; };
		8F0B37FA2CAE54F800A261E4 /* OneSignalLocation in Frameworks */ = {isa = PBXBuildFile; productRef = 8F0B37F92CAE54F800A261E4 /* OneSignalLocation */; };
		8F105B652CB078FF0036EF64 /* MunicipioViewModel.swift in Sources */ = {isa = PBXBuildFile; fileRef = 8F105B642CB078FF0036EF64 /* MunicipioViewModel.swift */; };
		8F23AF392CBC2FE800537F72 /* PerfilActualizarViewModel.swift in Sources */ = {isa = PBXBuildFile; fileRef = 8F23AF382CBC2FE800537F72 /* PerfilActualizarViewModel.swift */; };
		8F245FE02CB9808F00F145D1 /* ContrasenaAjustesView.swift in Sources */ = {isa = PBXBuildFile; fileRef = 8F245FDF2CB9808F00F145D1 /* ContrasenaAjustesView.swift */; };
		8F245FE22CB9955800F145D1 /* InsigniasPorGanarAjustesView.swift in Sources */ = {isa = PBXBuildFile; fileRef = 8F245FE12CB9955800F145D1 /* InsigniasPorGanarAjustesView.swift */; };
		8F245FE42CB9F3DB00F145D1 /* ToastViewModel.swift in Sources */ = {isa = PBXBuildFile; fileRef = 8F245FE32CB9F3DB00F145D1 /* ToastViewModel.swift */; };
		8F245FE62CB9FD1800F145D1 /* ListaNotificacionesViewModel.swift in Sources */ = {isa = PBXBuildFile; fileRef = 8F245FE52CB9FD1800F145D1 /* ListaNotificacionesViewModel.swift */; };
		8F245FE92CBA2E6300F145D1 /* ModeloNotificacionPager.swift in Sources */ = {isa = PBXBuildFile; fileRef = 8F245FE82CBA2E6300F145D1 /* ModeloNotificacionPager.swift */; };
		8F25FAE12CB2E30F001BE477 /* PrincipalView.swift in Sources */ = {isa = PBXBuildFile; fileRef = 8F25FAE02CB2E30F001BE477 /* PrincipalView.swift */; };
		8F25FAE42CB2FA70001BE477 /* LoginViewModel.swift in Sources */ = {isa = PBXBuildFile; fileRef = 8F25FAE32CB2FA70001BE477 /* LoginViewModel.swift */; };
		8F25FAE62CB304A0001BE477 /* ContrasenaOlvidadaView.swift in Sources */ = {isa = PBXBuildFile; fileRef = 8F25FAE52CB304A0001BE477 /* ContrasenaOlvidadaView.swift */; };
		8F25FAE82CB312AF001BE477 /* CodigoOTPView.swift in Sources */ = {isa = PBXBuildFile; fileRef = 8F25FAE72CB312AF001BE477 /* CodigoOTPView.swift */; };
		8F25FAEA2CB312FE001BE477 /* CorreoOTPViewModel.swift in Sources */ = {isa = PBXBuildFile; fileRef = 8F25FAE92CB312FE001BE477 /* CorreoOTPViewModel.swift */; };
		8F25FAEC2CB32646001BE477 /* CodigoOTPViewModel.swift in Sources */ = {isa = PBXBuildFile; fileRef = 8F25FAEB2CB32646001BE477 /* CodigoOTPViewModel.swift */; };
		8F25FAEE2CB331F6001BE477 /* NuevaPasswordLoginView.swift in Sources */ = {isa = PBXBuildFile; fileRef = 8F25FAED2CB331F6001BE477 /* NuevaPasswordLoginView.swift */; };
		8F25FAF02CB333CA001BE477 /* ResetPasswordViewModel.swift in Sources */ = {isa = PBXBuildFile; fileRef = 8F25FAEF2CB333CA001BE477 /* ResetPasswordViewModel.swift */; };
		8F25FAF22CB33EF2001BE477 /* OTPInput.swift in Sources */ = {isa = PBXBuildFile; fileRef = 8F25FAF12CB33EF2001BE477 /* OTPInput.swift */; };
		8F2FEB902CAEE3D400647572 /* SplashScreenView.swift in Sources */ = {isa = PBXBuildFile; fileRef = 8F2FEB8F2CAEE3D400647572 /* SplashScreenView.swift */; };
		8F2FEB992CAEE65700647572 /* PopImg2BtnView.swift in Sources */ = {isa = PBXBuildFile; fileRef = 8F2FEB982CAEE65700647572 /* PopImg2BtnView.swift */; };
		8F2FEB9B2CAEE66600647572 /* PopImg1BtnView.swift in Sources */ = {isa = PBXBuildFile; fileRef = 8F2FEB9A2CAEE66600647572 /* PopImg1BtnView.swift */; };
		8F2FEB9D2CAEE6A400647572 /* BottomSheetCamaraGaleriaView.swift in Sources */ = {isa = PBXBuildFile; fileRef = 8F2FEB9C2CAEE6A400647572 /* BottomSheetCamaraGaleriaView.swift */; };
		8F2FEB9F2CAEE72C00647572 /* CustomModalView.swift in Sources */ = {isa = PBXBuildFile; fileRef = 8F2FEB9E2CAEE72C00647572 /* CustomModalView.swift */; };
		8F2FEBA12CAEE75400647572 /* LoadingSpinnerView.swift in Sources */ = {isa = PBXBuildFile; fileRef = 8F2FEBA02CAEE75400647572 /* LoadingSpinnerView.swift */; };
		8F2FEBA32CAEE77200647572 /* CustomModal2ButtonView.swift in Sources */ = {isa = PBXBuildFile; fileRef = 8F2FEBA22CAEE77200647572 /* CustomModal2ButtonView.swift */; };
		8F2FEBA52CAEE78D00647572 /* StructReutilizable.swift in Sources */ = {isa = PBXBuildFile; fileRef = 8F2FEBA42CAEE78D00647572 /* StructReutilizable.swift */; };
		8F2FEBA82CAEE90C00647572 /* ApiNetwork.swift in Sources */ = {isa = PBXBuildFile; fileRef = 8F2FEBA72CAEE90C00647572 /* ApiNetwork.swift */; };
		8F2FEBAA2CAEF02900647572 /* LoginPresentacionView.swift in Sources */ = {isa = PBXBuildFile; fileRef = 8F2FEBA92CAEF02900647572 /* LoginPresentacionView.swift */; };
		8F2FEBB02CAF045000647572 /* Localizable.strings in Resources */ = {isa = PBXBuildFile; fileRef = 8F2FEBAE2CAF045000647572 /* Localizable.strings */; };
		8F2FEBB32CAF123900647572 /* TextoIdiomaController.swift in Sources */ = {isa = PBXBuildFile; fileRef = 8F2FEBB22CAF123900647572 /* TextoIdiomaController.swift */; };
		8F2FEBB52CAF30B700647572 /* RegistroView.swift in Sources */ = {isa = PBXBuildFile; fileRef = 8F2FEBB42CAF30B700647572 /* RegistroView.swift */; };
		8F2FEBB72CAF333600647572 /* LoginView.swift in Sources */ = {isa = PBXBuildFile; fileRef = 8F2FEBB62CAF333600647572 /* LoginView.swift */; };
		8F48F8862CB1BA4C001E1819 /* RegistrarseViewModel.swift in Sources */ = {isa = PBXBuildFile; fileRef = 8F48F8852CB1BA4C001E1819 /* RegistrarseViewModel.swift */; };
		8F5B10A02CB584920013078E /* PerfilView.swift in Sources */ = {isa = PBXBuildFile; fileRef = 8F5B109F2CB584920013078E /* PerfilView.swift */; };
		8F60386A2CBDF9D700E611F0 /* TabMisPlanesView.swift in Sources */ = {isa = PBXBuildFile; fileRef = 8F6038692CBDF9D700E611F0 /* TabMisPlanesView.swift */; };
		8F60386E2CBDFA1C00E611F0 /* TabsMisPlanesViewModel.swift in Sources */ = {isa = PBXBuildFile; fileRef = 8F60386D2CBDFA1C00E611F0 /* TabsMisPlanesViewModel.swift */; };
		8F6038712CBDFC1900E611F0 /* ModeloMisPlanes.swift in Sources */ = {isa = PBXBuildFile; fileRef = 8F6038702CBDFC1900E611F0 /* ModeloMisPlanes.swift */; };
		8F611A4D2CBF3A2D00F384EE /* TabsBuscarPlanesViewModel.swift in Sources */ = {isa = PBXBuildFile; fileRef = 8F611A4C2CBF3A2D00F384EE /* TabsBuscarPlanesViewModel.swift */; };
		8F611A4F2CBF3ACD00F384EE /* TabsBuscarPlanesView.swift in Sources */ = {isa = PBXBuildFile; fileRef = 8F611A4E2CBF3ACD00F384EE /* TabsBuscarPlanesView.swift */; };
		8F611A522CBF4B0300F384EE /* InformacionPlanView.swift in Sources */ = {isa = PBXBuildFile; fileRef = 8F611A512CBF4B0300F384EE /* InformacionPlanView.swift */; };
		8F611A552CBF591000F384EE /* InformacionPlanViewModel.swift in Sources */ = {isa = PBXBuildFile; fileRef = 8F611A542CBF591000F384EE /* InformacionPlanViewModel.swift */; };
		8F792F9C2CBADA6B0013211E /* BorrarNotificacionesViewModel.swift in Sources */ = {isa = PBXBuildFile; fileRef = 8F792F9B2CBADA6B0013211E /* BorrarNotificacionesViewModel.swift */; };
		8F792F9F2CBAF93D0013211E /* InsiginiasPorGanarViewModel.swift in Sources */ = {isa = PBXBuildFile; fileRef = 8F792F9E2CBAF93D0013211E /* InsiginiasPorGanarViewModel.swift */; };
		8F792FA22CBAF96A0013211E /* ModeloInsignias.swift in Sources */ = {isa = PBXBuildFile; fileRef = 8F792FA12CBAF96A0013211E /* ModeloInsignias.swift */; };
		8F792FA52CBB3A030013211E /* PerfilViewModel.swift in Sources */ = {isa = PBXBuildFile; fileRef = 8F792FA42CBB3A030013211E /* PerfilViewModel.swift */; };
		8FA17F7B2CC7135C00F52765 /* TextoDevocionalView.swift in Sources */ = {isa = PBXBuildFile; fileRef = 8FA17F7A2CC7135C00F52765 /* TextoDevocionalView.swift */; };
		8FA17F7D2CC7136A00F52765 /* TextoDevocionalViewModel.swift in Sources */ = {isa = PBXBuildFile; fileRef = 8FA17F7C2CC7136A00F52765 /* TextoDevocionalViewModel.swift */; };
		8FA17F802CC73A3000F52765 /* WebViewRepresentable.swift in Sources */ = {isa = PBXBuildFile; fileRef = 8FA17F7F2CC73A3000F52765 /* WebViewRepresentable.swift */; };
		8FD0AD3B2CC4199F008207E5 /* BloqueFechaDevocionalView.swift in Sources */ = {isa = PBXBuildFile; fileRef = 8FD0AD3A2CC4199F008207E5 /* BloqueFechaDevocionalView.swift */; };
		8FD0AD3E2CC42069008207E5 /* BloqueFechasDevocionalViewModel.swift in Sources */ = {isa = PBXBuildFile; fileRef = 8FD0AD3D2CC42069008207E5 /* BloqueFechasDevocionalViewModel.swift */; };
		8FD0AD402CC42338008207E5 /* ModeloBloqueFecha.swift in Sources */ = {isa = PBXBuildFile; fileRef = 8FD0AD3F2CC42338008207E5 /* ModeloBloqueFecha.swift */; };
		8FD0AD422CC46EC2008207E5 /* BloqueFechasCompartirPreguntasViewModel.swift in Sources */ = {isa = PBXBuildFile; fileRef = 8FD0AD412CC46EC2008207E5 /* BloqueFechasCompartirPreguntasViewModel.swift */; };
		8FD27AAA2CB42E6700667C2F /* AjustesView.swift in Sources */ = {isa = PBXBuildFile; fileRef = 8FD27AA92CB42E6700667C2F /* AjustesView.swift */; };
		8FD27AAC2CB42E7900667C2F /* BibliaView.swift in Sources */ = {isa = PBXBuildFile; fileRef = 8FD27AAB2CB42E7900667C2F /* BibliaView.swift */; };
		8FD27AAE2CB42E8A00667C2F /* DevocionalView.swift in Sources */ = {isa = PBXBuildFile; fileRef = 8FD27AAD2CB42E8A00667C2F /* DevocionalView.swift */; };
		8FD27AB02CB42EA200667C2F /* InicioView.swift in Sources */ = {isa = PBXBuildFile; fileRef = 8FD27AAF2CB42EA200667C2F /* InicioView.swift */; };
		8FD27AB32CB4811500667C2F /* AjustesViewModel.swift in Sources */ = {isa = PBXBuildFile; fileRef = 8FD27AB22CB4811500667C2F /* AjustesViewModel.swift */; };
		8FD27AB52CB4BA0000667C2F /* ThemeChangeView.swift in Sources */ = {isa = PBXBuildFile; fileRef = 8FD27AB42CB4BA0000667C2F /* ThemeChangeView.swift */; };
		8FDCC4502CB8BD9D00700F4A /* IdiomaSettings.swift in Sources */ = {isa = PBXBuildFile; fileRef = 8FDCC44F2CB8BD9D00700F4A /* IdiomaSettings.swift */; };
		8FDCC4522CB8D31B00700F4A /* NotificacionesAjustesView.swift in Sources */ = {isa = PBXBuildFile; fileRef = 8FDCC4512CB8D31B00700F4A /* NotificacionesAjustesView.swift */; };
		A1B6A252AEF6393984B3779B /* Pods_OneSignalNotificationServiceExtension.framework in Frameworks */ = {isa = PBXBuildFile; fileRef = 84928A548F8542BE9870B067 /* Pods_OneSignalNotificationServiceExtension.framework */; };
		DBD4ACC4E045517B6FF4DB82 /* Pods_AbbaSwiftUITests.framework in Frameworks */ = {isa = PBXBuildFile; fileRef = 715C2E7587C0C88961806A7F /* Pods_AbbaSwiftUITests.framework */; };
/* End PBXBuildFile section */

/* Begin PBXContainerItemProxy section */
		8F0B37B82CAE4A7400A261E4 /* PBXContainerItemProxy */ = {
			isa = PBXContainerItemProxy;
			containerPortal = 8F0B379F2CAE4A7200A261E4 /* Project object */;
			proxyType = 1;
			remoteGlobalIDString = 8F0B37A62CAE4A7200A261E4;
			remoteInfo = AbbaSwiftUI;
		};
		8F0B37C22CAE4A7400A261E4 /* PBXContainerItemProxy */ = {
			isa = PBXContainerItemProxy;
			containerPortal = 8F0B379F2CAE4A7200A261E4 /* Project object */;
			proxyType = 1;
			remoteGlobalIDString = 8F0B37A62CAE4A7200A261E4;
			remoteInfo = AbbaSwiftUI;
		};
		8F0B37EB2CAE544900A261E4 /* PBXContainerItemProxy */ = {
			isa = PBXContainerItemProxy;
			containerPortal = 8F0B379F2CAE4A7200A261E4 /* Project object */;
			proxyType = 1;
			remoteGlobalIDString = 8F0B37E52CAE544900A261E4;
			remoteInfo = OneSignalNotificationServiceExtension;
		};
/* End PBXContainerItemProxy section */

/* Begin PBXCopyFilesBuildPhase section */
		8F0B37F12CAE544900A261E4 /* Embed Foundation Extensions */ = {
			isa = PBXCopyFilesBuildPhase;
			buildActionMask = 2147483647;
			dstPath = "";
			dstSubfolderSpec = 13;
			files = (
				8F0B37ED2CAE544900A261E4 /* OneSignalNotificationServiceExtension.appex in Embed Foundation Extensions */,
			);
			name = "Embed Foundation Extensions";
			runOnlyForDeploymentPostprocessing = 0;
		};
/* End PBXCopyFilesBuildPhase section */

/* Begin PBXFileReference section */
		4A47775F6E50B1D0D0AAF824 /* Pods-AbbaSwiftUI.release.xcconfig */ = {isa = PBXFileReference; includeInIndex = 1; lastKnownFileType = text.xcconfig; name = "Pods-AbbaSwiftUI.release.xcconfig"; path = "Target Support Files/Pods-AbbaSwiftUI/Pods-AbbaSwiftUI.release.xcconfig"; sourceTree = "<group>"; };
		715C2E7587C0C88961806A7F /* Pods_AbbaSwiftUITests.framework */ = {isa = PBXFileReference; explicitFileType = wrapper.framework; includeInIndex = 0; path = Pods_AbbaSwiftUITests.framework; sourceTree = BUILT_PRODUCTS_DIR; };
		821996AFBB43F6494F4F933F /* Pods-AbbaSwiftUI.debug.xcconfig */ = {isa = PBXFileReference; includeInIndex = 1; lastKnownFileType = text.xcconfig; name = "Pods-AbbaSwiftUI.debug.xcconfig"; path = "Target Support Files/Pods-AbbaSwiftUI/Pods-AbbaSwiftUI.debug.xcconfig"; sourceTree = "<group>"; };
		827E04458DC15BC0B179DED0 /* Pods_AbbaSwiftUI_AbbaSwiftUIUITests.framework */ = {isa = PBXFileReference; explicitFileType = wrapper.framework; includeInIndex = 0; path = Pods_AbbaSwiftUI_AbbaSwiftUIUITests.framework; sourceTree = BUILT_PRODUCTS_DIR; };
		82B6438D87DD3ABDE01D3C19 /* Pods-OneSignalNotificationServiceExtension.debug.xcconfig */ = {isa = PBXFileReference; includeInIndex = 1; lastKnownFileType = text.xcconfig; name = "Pods-OneSignalNotificationServiceExtension.debug.xcconfig"; path = "Target Support Files/Pods-OneSignalNotificationServiceExtension/Pods-OneSignalNotificationServiceExtension.debug.xcconfig"; sourceTree = "<group>"; };
		84928A548F8542BE9870B067 /* Pods_OneSignalNotificationServiceExtension.framework */ = {isa = PBXFileReference; explicitFileType = wrapper.framework; includeInIndex = 0; path = Pods_OneSignalNotificationServiceExtension.framework; sourceTree = BUILT_PRODUCTS_DIR; };
		8F06A1172CC08A9900165504 /* HTMLDatos.swift */ = {isa = PBXFileReference; lastKnownFileType = sourcecode.swift; path = HTMLDatos.swift; sourceTree = "<group>"; };
		8F06A11A2CC0BB4800165504 /* GlobalVariablesSettings.swift */ = {isa = PBXFileReference; lastKnownFileType = sourcecode.swift; path = GlobalVariablesSettings.swift; sourceTree = "<group>"; };
		8F0ADAF42CC1F8D7005F84C4 /* ListaAmigosIniciarPlanViewModel.swift */ = {isa = PBXFileReference; lastKnownFileType = sourcecode.swift; path = ListaAmigosIniciarPlanViewModel.swift; sourceTree = "<group>"; };
		8F0ADAF62CC1F8ED005F84C4 /* ListaAmigosIniciarPlanView.swift */ = {isa = PBXFileReference; lastKnownFileType = sourcecode.swift; path = ListaAmigosIniciarPlanView.swift; sourceTree = "<group>"; };
		8F0B37A72CAE4A7200A261E4 /* AbbaSwiftUI.app */ = {isa = PBXFileReference; explicitFileType = wrapper.application; includeInIndex = 0; path = AbbaSwiftUI.app; sourceTree = BUILT_PRODUCTS_DIR; };
		8F0B37AA2CAE4A7200A261E4 /* AbbaSwiftUIApp.swift */ = {isa = PBXFileReference; lastKnownFileType = sourcecode.swift; path = AbbaSwiftUIApp.swift; sourceTree = "<group>"; };
		8F0B37AE2CAE4A7400A261E4 /* Assets.xcassets */ = {isa = PBXFileReference; lastKnownFileType = folder.assetcatalog; path = Assets.xcassets; sourceTree = "<group>"; };
		8F0B37B12CAE4A7400A261E4 /* Preview Assets.xcassets */ = {isa = PBXFileReference; lastKnownFileType = folder.assetcatalog; path = "Preview Assets.xcassets"; sourceTree = "<group>"; };
		8F0B37B72CAE4A7400A261E4 /* AbbaSwiftUITests.xctest */ = {isa = PBXFileReference; explicitFileType = wrapper.cfbundle; includeInIndex = 0; path = AbbaSwiftUITests.xctest; sourceTree = BUILT_PRODUCTS_DIR; };
		8F0B37BB2CAE4A7400A261E4 /* AbbaSwiftUITests.swift */ = {isa = PBXFileReference; lastKnownFileType = sourcecode.swift; path = AbbaSwiftUITests.swift; sourceTree = "<group>"; };
		8F0B37C12CAE4A7400A261E4 /* AbbaSwiftUIUITests.xctest */ = {isa = PBXFileReference; explicitFileType = wrapper.cfbundle; includeInIndex = 0; path = AbbaSwiftUIUITests.xctest; sourceTree = BUILT_PRODUCTS_DIR; };
		8F0B37C52CAE4A7400A261E4 /* AbbaSwiftUIUITests.swift */ = {isa = PBXFileReference; lastKnownFileType = sourcecode.swift; path = AbbaSwiftUIUITests.swift; sourceTree = "<group>"; };
		8F0B37C72CAE4A7400A261E4 /* AbbaSwiftUIUITestsLaunchTests.swift */ = {isa = PBXFileReference; lastKnownFileType = sourcecode.swift; path = AbbaSwiftUIUITestsLaunchTests.swift; sourceTree = "<group>"; };
		8F0B37D52CAE4F1600A261E4 /* DatosGuardadosKeys.swift */ = {isa = PBXFileReference; lastKnownFileType = sourcecode.swift; path = DatosGuardadosKeys.swift; sourceTree = "<group>"; };
		8F0B37D72CAE50B100A261E4 /* Info.plist */ = {isa = PBXFileReference; lastKnownFileType = text.plist; path = Info.plist; sourceTree = "<group>"; };
		8F0B37D92CAE51A700A261E4 /* liberation_sans_bold.ttf */ = {isa = PBXFileReference; lastKnownFileType = file; path = liberation_sans_bold.ttf; sourceTree = "<group>"; };
		8F0B37DA2CAE51A700A261E4 /* montserratmedium.ttf */ = {isa = PBXFileReference; lastKnownFileType = file; path = montserratmedium.ttf; sourceTree = "<group>"; };
		8F0B37DB2CAE51A700A261E4 /* montserratregular.ttf */ = {isa = PBXFileReference; lastKnownFileType = file; path = montserratregular.ttf; sourceTree = "<group>"; };
		8F0B37DC2CAE51A700A261E4 /* medel.ttf */ = {isa = PBXFileReference; lastKnownFileType = file; path = medel.ttf; sourceTree = "<group>"; };
		8F0B37E12CAE53B100A261E4 /* AbbaSwiftUI.entitlements */ = {isa = PBXFileReference; lastKnownFileType = text.plist.entitlements; path = AbbaSwiftUI.entitlements; sourceTree = "<group>"; };
		8F0B37E62CAE544900A261E4 /* OneSignalNotificationServiceExtension.appex */ = {isa = PBXFileReference; explicitFileType = "wrapper.app-extension"; includeInIndex = 0; path = OneSignalNotificationServiceExtension.appex; sourceTree = BUILT_PRODUCTS_DIR; };
		8F0B37E82CAE544900A261E4 /* NotificationService.swift */ = {isa = PBXFileReference; lastKnownFileType = sourcecode.swift; path = NotificationService.swift; sourceTree = "<group>"; };
		8F0B37EA2CAE544900A261E4 /* Info.plist */ = {isa = PBXFileReference; lastKnownFileType = text.plist.xml; path = Info.plist; sourceTree = "<group>"; };
		8F105B642CB078FF0036EF64 /* MunicipioViewModel.swift */ = {isa = PBXFileReference; lastKnownFileType = sourcecode.swift; path = MunicipioViewModel.swift; sourceTree = "<group>"; };
		8F23AF382CBC2FE800537F72 /* PerfilActualizarViewModel.swift */ = {isa = PBXFileReference; lastKnownFileType = sourcecode.swift; path = PerfilActualizarViewModel.swift; sourceTree = "<group>"; };
		8F245FDF2CB9808F00F145D1 /* ContrasenaAjustesView.swift */ = {isa = PBXFileReference; lastKnownFileType = sourcecode.swift; path = ContrasenaAjustesView.swift; sourceTree = "<group>"; };
		8F245FE12CB9955800F145D1 /* InsigniasPorGanarAjustesView.swift */ = {isa = PBXFileReference; lastKnownFileType = sourcecode.swift; path = InsigniasPorGanarAjustesView.swift; sourceTree = "<group>"; };
		8F245FE32CB9F3DB00F145D1 /* ToastViewModel.swift */ = {isa = PBXFileReference; lastKnownFileType = sourcecode.swift; path = ToastViewModel.swift; sourceTree = "<group>"; };
		8F245FE52CB9FD1800F145D1 /* ListaNotificacionesViewModel.swift */ = {isa = PBXFileReference; lastKnownFileType = sourcecode.swift; path = ListaNotificacionesViewModel.swift; sourceTree = "<group>"; };
		8F245FE82CBA2E6300F145D1 /* ModeloNotificacionPager.swift */ = {isa = PBXFileReference; lastKnownFileType = sourcecode.swift; path = ModeloNotificacionPager.swift; sourceTree = "<group>"; };
		8F25FAE02CB2E30F001BE477 /* PrincipalView.swift */ = {isa = PBXFileReference; lastKnownFileType = sourcecode.swift; path = PrincipalView.swift; sourceTree = "<group>"; };
		8F25FAE32CB2FA70001BE477 /* LoginViewModel.swift */ = {isa = PBXFileReference; lastKnownFileType = sourcecode.swift; path = LoginViewModel.swift; sourceTree = "<group>"; };
		8F25FAE52CB304A0001BE477 /* ContrasenaOlvidadaView.swift */ = {isa = PBXFileReference; lastKnownFileType = sourcecode.swift; path = ContrasenaOlvidadaView.swift; sourceTree = "<group>"; };
		8F25FAE72CB312AF001BE477 /* CodigoOTPView.swift */ = {isa = PBXFileReference; lastKnownFileType = sourcecode.swift; path = CodigoOTPView.swift; sourceTree = "<group>"; };
		8F25FAE92CB312FE001BE477 /* CorreoOTPViewModel.swift */ = {isa = PBXFileReference; lastKnownFileType = sourcecode.swift; path = CorreoOTPViewModel.swift; sourceTree = "<group>"; };
		8F25FAEB2CB32646001BE477 /* CodigoOTPViewModel.swift */ = {isa = PBXFileReference; lastKnownFileType = sourcecode.swift; path = CodigoOTPViewModel.swift; sourceTree = "<group>"; };
		8F25FAED2CB331F6001BE477 /* NuevaPasswordLoginView.swift */ = {isa = PBXFileReference; lastKnownFileType = sourcecode.swift; path = NuevaPasswordLoginView.swift; sourceTree = "<group>"; };
		8F25FAEF2CB333CA001BE477 /* ResetPasswordViewModel.swift */ = {isa = PBXFileReference; lastKnownFileType = sourcecode.swift; path = ResetPasswordViewModel.swift; sourceTree = "<group>"; };
		8F25FAF12CB33EF2001BE477 /* OTPInput.swift */ = {isa = PBXFileReference; lastKnownFileType = sourcecode.swift; path = OTPInput.swift; sourceTree = "<group>"; };
		8F2FEB8F2CAEE3D400647572 /* SplashScreenView.swift */ = {isa = PBXFileReference; lastKnownFileType = sourcecode.swift; path = SplashScreenView.swift; sourceTree = "<group>"; };
		8F2FEB982CAEE65700647572 /* PopImg2BtnView.swift */ = {isa = PBXFileReference; lastKnownFileType = sourcecode.swift; path = PopImg2BtnView.swift; sourceTree = "<group>"; };
		8F2FEB9A2CAEE66600647572 /* PopImg1BtnView.swift */ = {isa = PBXFileReference; lastKnownFileType = sourcecode.swift; path = PopImg1BtnView.swift; sourceTree = "<group>"; };
		8F2FEB9C2CAEE6A400647572 /* BottomSheetCamaraGaleriaView.swift */ = {isa = PBXFileReference; lastKnownFileType = sourcecode.swift; path = BottomSheetCamaraGaleriaView.swift; sourceTree = "<group>"; };
		8F2FEB9E2CAEE72C00647572 /* CustomModalView.swift */ = {isa = PBXFileReference; lastKnownFileType = sourcecode.swift; path = CustomModalView.swift; sourceTree = "<group>"; };
		8F2FEBA02CAEE75400647572 /* LoadingSpinnerView.swift */ = {isa = PBXFileReference; lastKnownFileType = sourcecode.swift; path = LoadingSpinnerView.swift; sourceTree = "<group>"; };
		8F2FEBA22CAEE77200647572 /* CustomModal2ButtonView.swift */ = {isa = PBXFileReference; lastKnownFileType = sourcecode.swift; path = CustomModal2ButtonView.swift; sourceTree = "<group>"; };
		8F2FEBA42CAEE78D00647572 /* StructReutilizable.swift */ = {isa = PBXFileReference; lastKnownFileType = sourcecode.swift; path = StructReutilizable.swift; sourceTree = "<group>"; };
		8F2FEBA72CAEE90C00647572 /* ApiNetwork.swift */ = {isa = PBXFileReference; lastKnownFileType = sourcecode.swift; path = ApiNetwork.swift; sourceTree = "<group>"; };
		8F2FEBA92CAEF02900647572 /* LoginPresentacionView.swift */ = {isa = PBXFileReference; lastKnownFileType = sourcecode.swift; path = LoginPresentacionView.swift; sourceTree = "<group>"; };
		8F2FEBAF2CAF045000647572 /* en */ = {isa = PBXFileReference; lastKnownFileType = text.plist.strings; name = en; path = en.lproj/Localizable.strings; sourceTree = "<group>"; };
		8F2FEBB12CAF05FD00647572 /* es */ = {isa = PBXFileReference; lastKnownFileType = text.plist.strings; name = es; path = es.lproj/Localizable.strings; sourceTree = "<group>"; };
		8F2FEBB22CAF123900647572 /* TextoIdiomaController.swift */ = {isa = PBXFileReference; lastKnownFileType = sourcecode.swift; path = TextoIdiomaController.swift; sourceTree = "<group>"; };
		8F2FEBB42CAF30B700647572 /* RegistroView.swift */ = {isa = PBXFileReference; lastKnownFileType = sourcecode.swift; path = RegistroView.swift; sourceTree = "<group>"; };
		8F2FEBB62CAF333600647572 /* LoginView.swift */ = {isa = PBXFileReference; lastKnownFileType = sourcecode.swift; path = LoginView.swift; sourceTree = "<group>"; };
		8F48F8852CB1BA4C001E1819 /* RegistrarseViewModel.swift */ = {isa = PBXFileReference; lastKnownFileType = sourcecode.swift; path = RegistrarseViewModel.swift; sourceTree = "<group>"; };
		8F5B109F2CB584920013078E /* PerfilView.swift */ = {isa = PBXFileReference; lastKnownFileType = sourcecode.swift; path = PerfilView.swift; sourceTree = "<group>"; };
		8F6038692CBDF9D700E611F0 /* TabMisPlanesView.swift */ = {isa = PBXFileReference; lastKnownFileType = sourcecode.swift; path = TabMisPlanesView.swift; sourceTree = "<group>"; };
		8F60386D2CBDFA1C00E611F0 /* TabsMisPlanesViewModel.swift */ = {isa = PBXFileReference; lastKnownFileType = sourcecode.swift; path = TabsMisPlanesViewModel.swift; sourceTree = "<group>"; };
		8F6038702CBDFC1900E611F0 /* ModeloMisPlanes.swift */ = {isa = PBXFileReference; lastKnownFileType = sourcecode.swift; path = ModeloMisPlanes.swift; sourceTree = "<group>"; };
		8F611A4C2CBF3A2D00F384EE /* TabsBuscarPlanesViewModel.swift */ = {isa = PBXFileReference; lastKnownFileType = sourcecode.swift; path = TabsBuscarPlanesViewModel.swift; sourceTree = "<group>"; };
		8F611A4E2CBF3ACD00F384EE /* TabsBuscarPlanesView.swift */ = {isa = PBXFileReference; lastKnownFileType = sourcecode.swift; path = TabsBuscarPlanesView.swift; sourceTree = "<group>"; };
		8F611A512CBF4B0300F384EE /* InformacionPlanView.swift */ = {isa = PBXFileReference; lastKnownFileType = sourcecode.swift; path = InformacionPlanView.swift; sourceTree = "<group>"; };
		8F611A542CBF591000F384EE /* InformacionPlanViewModel.swift */ = {isa = PBXFileReference; lastKnownFileType = sourcecode.swift; path = InformacionPlanViewModel.swift; sourceTree = "<group>"; };
		8F792F9B2CBADA6B0013211E /* BorrarNotificacionesViewModel.swift */ = {isa = PBXFileReference; lastKnownFileType = sourcecode.swift; path = BorrarNotificacionesViewModel.swift; sourceTree = "<group>"; };
		8F792F9E2CBAF93D0013211E /* InsiginiasPorGanarViewModel.swift */ = {isa = PBXFileReference; lastKnownFileType = sourcecode.swift; path = InsiginiasPorGanarViewModel.swift; sourceTree = "<group>"; };
		8F792FA12CBAF96A0013211E /* ModeloInsignias.swift */ = {isa = PBXFileReference; lastKnownFileType = sourcecode.swift; path = ModeloInsignias.swift; sourceTree = "<group>"; };
		8F792FA42CBB3A030013211E /* PerfilViewModel.swift */ = {isa = PBXFileReference; lastKnownFileType = sourcecode.swift; path = PerfilViewModel.swift; sourceTree = "<group>"; };
		8FA17F7A2CC7135C00F52765 /* TextoDevocionalView.swift */ = {isa = PBXFileReference; lastKnownFileType = sourcecode.swift; path = TextoDevocionalView.swift; sourceTree = "<group>"; };
		8FA17F7C2CC7136A00F52765 /* TextoDevocionalViewModel.swift */ = {isa = PBXFileReference; lastKnownFileType = sourcecode.swift; path = TextoDevocionalViewModel.swift; sourceTree = "<group>"; };
		8FA17F7F2CC73A3000F52765 /* WebViewRepresentable.swift */ = {isa = PBXFileReference; lastKnownFileType = sourcecode.swift; path = WebViewRepresentable.swift; sourceTree = "<group>"; };
		8FD0AD3A2CC4199F008207E5 /* BloqueFechaDevocionalView.swift */ = {isa = PBXFileReference; lastKnownFileType = sourcecode.swift; path = BloqueFechaDevocionalView.swift; sourceTree = "<group>"; };
		8FD0AD3D2CC42069008207E5 /* BloqueFechasDevocionalViewModel.swift */ = {isa = PBXFileReference; lastKnownFileType = sourcecode.swift; path = BloqueFechasDevocionalViewModel.swift; sourceTree = "<group>"; };
		8FD0AD3F2CC42338008207E5 /* ModeloBloqueFecha.swift */ = {isa = PBXFileReference; lastKnownFileType = sourcecode.swift; path = ModeloBloqueFecha.swift; sourceTree = "<group>"; };
		8FD0AD412CC46EC2008207E5 /* BloqueFechasCompartirPreguntasViewModel.swift */ = {isa = PBXFileReference; lastKnownFileType = sourcecode.swift; path = BloqueFechasCompartirPreguntasViewModel.swift; sourceTree = "<group>"; };
		8FD27AA92CB42E6700667C2F /* AjustesView.swift */ = {isa = PBXFileReference; lastKnownFileType = sourcecode.swift; path = AjustesView.swift; sourceTree = "<group>"; };
		8FD27AAB2CB42E7900667C2F /* BibliaView.swift */ = {isa = PBXFileReference; lastKnownFileType = sourcecode.swift; path = BibliaView.swift; sourceTree = "<group>"; };
		8FD27AAD2CB42E8A00667C2F /* DevocionalView.swift */ = {isa = PBXFileReference; lastKnownFileType = sourcecode.swift; path = DevocionalView.swift; sourceTree = "<group>"; };
		8FD27AAF2CB42EA200667C2F /* InicioView.swift */ = {isa = PBXFileReference; lastKnownFileType = sourcecode.swift; path = InicioView.swift; sourceTree = "<group>"; };
		8FD27AB22CB4811500667C2F /* AjustesViewModel.swift */ = {isa = PBXFileReference; lastKnownFileType = sourcecode.swift; path = AjustesViewModel.swift; sourceTree = "<group>"; };
		8FD27AB42CB4BA0000667C2F /* ThemeChangeView.swift */ = {isa = PBXFileReference; lastKnownFileType = sourcecode.swift; path = ThemeChangeView.swift; sourceTree = "<group>"; };
		8FDCC44F2CB8BD9D00700F4A /* IdiomaSettings.swift */ = {isa = PBXFileReference; lastKnownFileType = sourcecode.swift; path = IdiomaSettings.swift; sourceTree = "<group>"; };
		8FDCC4512CB8D31B00700F4A /* NotificacionesAjustesView.swift */ = {isa = PBXFileReference; lastKnownFileType = sourcecode.swift; path = NotificacionesAjustesView.swift; sourceTree = "<group>"; };
		AD90D20BA9C809B0AFC22C1F /* Pods-OneSignalNotificationServiceExtension.release.xcconfig */ = {isa = PBXFileReference; includeInIndex = 1; lastKnownFileType = text.xcconfig; name = "Pods-OneSignalNotificationServiceExtension.release.xcconfig"; path = "Target Support Files/Pods-OneSignalNotificationServiceExtension/Pods-OneSignalNotificationServiceExtension.release.xcconfig"; sourceTree = "<group>"; };
		B0BA244CD45975F0D3C5F1E0 /* Pods_AbbaSwiftUI.framework */ = {isa = PBXFileReference; explicitFileType = wrapper.framework; includeInIndex = 0; path = Pods_AbbaSwiftUI.framework; sourceTree = BUILT_PRODUCTS_DIR; };
		BF81AAE9F7CF0570B4BAC9E1 /* Pods-AbbaSwiftUITests.debug.xcconfig */ = {isa = PBXFileReference; includeInIndex = 1; lastKnownFileType = text.xcconfig; name = "Pods-AbbaSwiftUITests.debug.xcconfig"; path = "Target Support Files/Pods-AbbaSwiftUITests/Pods-AbbaSwiftUITests.debug.xcconfig"; sourceTree = "<group>"; };
		C1705022AA202DB7398AA5DF /* Pods-AbbaSwiftUITests.release.xcconfig */ = {isa = PBXFileReference; includeInIndex = 1; lastKnownFileType = text.xcconfig; name = "Pods-AbbaSwiftUITests.release.xcconfig"; path = "Target Support Files/Pods-AbbaSwiftUITests/Pods-AbbaSwiftUITests.release.xcconfig"; sourceTree = "<group>"; };
		CB78907957C32F57FF53D0C6 /* Pods-AbbaSwiftUI-AbbaSwiftUIUITests.release.xcconfig */ = {isa = PBXFileReference; includeInIndex = 1; lastKnownFileType = text.xcconfig; name = "Pods-AbbaSwiftUI-AbbaSwiftUIUITests.release.xcconfig"; path = "Target Support Files/Pods-AbbaSwiftUI-AbbaSwiftUIUITests/Pods-AbbaSwiftUI-AbbaSwiftUIUITests.release.xcconfig"; sourceTree = "<group>"; };
		DA66E1D0851E26A1D6564069 /* Pods-AbbaSwiftUI-AbbaSwiftUIUITests.debug.xcconfig */ = {isa = PBXFileReference; includeInIndex = 1; lastKnownFileType = text.xcconfig; name = "Pods-AbbaSwiftUI-AbbaSwiftUIUITests.debug.xcconfig"; path = "Target Support Files/Pods-AbbaSwiftUI-AbbaSwiftUIUITests/Pods-AbbaSwiftUI-AbbaSwiftUIUITests.debug.xcconfig"; sourceTree = "<group>"; };
/* End PBXFileReference section */

/* Begin PBXFrameworksBuildPhase section */
		8F0B37A42CAE4A7200A261E4 /* Frameworks */ = {
			isa = PBXFrameworksBuildPhase;
			buildActionMask = 2147483647;
			files = (
				8F0B37F82CAE54F800A261E4 /* OneSignalInAppMessages in Frameworks */,
				8F0B37F62CAE54F800A261E4 /* OneSignalFramework in Frameworks */,
				8F0B37FA2CAE54F800A261E4 /* OneSignalLocation in Frameworks */,
				8F0B37F42CAE54F800A261E4 /* OneSignalExtension in Frameworks */,
				344CAFF0FA1DA9173AADA967 /* Pods_AbbaSwiftUI.framework in Frameworks */,
			);
			runOnlyForDeploymentPostprocessing = 0;
		};
		8F0B37B42CAE4A7400A261E4 /* Frameworks */ = {
			isa = PBXFrameworksBuildPhase;
			buildActionMask = 2147483647;
			files = (
				DBD4ACC4E045517B6FF4DB82 /* Pods_AbbaSwiftUITests.framework in Frameworks */,
			);
			runOnlyForDeploymentPostprocessing = 0;
		};
		8F0B37BE2CAE4A7400A261E4 /* Frameworks */ = {
			isa = PBXFrameworksBuildPhase;
			buildActionMask = 2147483647;
			files = (
				67E92D1E2ED4161985376D7A /* Pods_AbbaSwiftUI_AbbaSwiftUIUITests.framework in Frameworks */,
			);
			runOnlyForDeploymentPostprocessing = 0;
		};
		8F0B37E32CAE544900A261E4 /* Frameworks */ = {
			isa = PBXFrameworksBuildPhase;
			buildActionMask = 2147483647;
			files = (
				A1B6A252AEF6393984B3779B /* Pods_OneSignalNotificationServiceExtension.framework in Frameworks */,
			);
			runOnlyForDeploymentPostprocessing = 0;
		};
/* End PBXFrameworksBuildPhase section */

/* Begin PBXGroup section */
		8F06A1192CC0BB3C00165504 /* Global */ = {
			isa = PBXGroup;
			children = (
				8F06A11A2CC0BB4800165504 /* GlobalVariablesSettings.swift */,
			);
			path = Global;
			sourceTree = "<group>";
		};
		8F0B379E2CAE4A7200A261E4 = {
			isa = PBXGroup;
			children = (
				8F0B37A92CAE4A7200A261E4 /* AbbaSwiftUI */,
				8F0B37BA2CAE4A7400A261E4 /* AbbaSwiftUITests */,
				8F0B37C42CAE4A7400A261E4 /* AbbaSwiftUIUITests */,
				8F0B37E72CAE544900A261E4 /* OneSignalNotificationServiceExtension */,
				8F0B37A82CAE4A7200A261E4 /* Products */,
				B21ACDEEE9BF4C5FEE569683 /* Pods */,
				AC2EE84D8E78ED8CB6F3D2F2 /* Frameworks */,
			);
			sourceTree = "<group>";
		};
		8F0B37A82CAE4A7200A261E4 /* Products */ = {
			isa = PBXGroup;
			children = (
				8F0B37A72CAE4A7200A261E4 /* AbbaSwiftUI.app */,
				8F0B37B72CAE4A7400A261E4 /* AbbaSwiftUITests.xctest */,
				8F0B37C12CAE4A7400A261E4 /* AbbaSwiftUIUITests.xctest */,
				8F0B37E62CAE544900A261E4 /* OneSignalNotificationServiceExtension.appex */,
			);
			name = Products;
			sourceTree = "<group>";
		};
		8F0B37A92CAE4A7200A261E4 /* AbbaSwiftUI */ = {
			isa = PBXGroup;
			children = (
				8F0B37E12CAE53B100A261E4 /* AbbaSwiftUI.entitlements */,
				8F0B37D72CAE50B100A261E4 /* Info.plist */,
				8F0B37AE2CAE4A7400A261E4 /* Assets.xcassets */,
				8F245FE72CBA2E4500F145D1 /* Modelos */,
				8F105B632CB078EC0036EF64 /* ViewModel */,
				8F2FEBA62CAEE8DB00647572 /* Network */,
				8F0B37D82CAE518A00A261E4 /* Fonts */,
				8F0B37D42CAE4EF200A261E4 /* Extras */,
				8F2FEB932CAEE60E00647572 /* Componentes */,
				8F2FEB8D2CAEE37E00647572 /* Pantallas */,
				8F0B37AA2CAE4A7200A261E4 /* AbbaSwiftUIApp.swift */,
				8F0B37B02CAE4A7400A261E4 /* Preview Content */,
			);
			path = AbbaSwiftUI;
			sourceTree = "<group>";
		};
		8F0B37B02CAE4A7400A261E4 /* Preview Content */ = {
			isa = PBXGroup;
			children = (
				8F0B37B12CAE4A7400A261E4 /* Preview Assets.xcassets */,
			);
			path = "Preview Content";
			sourceTree = "<group>";
		};
		8F0B37BA2CAE4A7400A261E4 /* AbbaSwiftUITests */ = {
			isa = PBXGroup;
			children = (
				8F0B37BB2CAE4A7400A261E4 /* AbbaSwiftUITests.swift */,
			);
			path = AbbaSwiftUITests;
			sourceTree = "<group>";
		};
		8F0B37C42CAE4A7400A261E4 /* AbbaSwiftUIUITests */ = {
			isa = PBXGroup;
			children = (
				8F0B37C52CAE4A7400A261E4 /* AbbaSwiftUIUITests.swift */,
				8F0B37C72CAE4A7400A261E4 /* AbbaSwiftUIUITestsLaunchTests.swift */,
			);
			path = AbbaSwiftUIUITests;
			sourceTree = "<group>";
		};
		8F0B37D42CAE4EF200A261E4 /* Extras */ = {
			isa = PBXGroup;
			children = (
				8F06A1192CC0BB3C00165504 /* Global */,
				8F2FEBAD2CAF044000647572 /* Idiomas */,
				8F0B37D52CAE4F1600A261E4 /* DatosGuardadosKeys.swift */,
			);
			path = Extras;
			sourceTree = "<group>";
		};
		8F0B37D82CAE518A00A261E4 /* Fonts */ = {
			isa = PBXGroup;
			children = (
				8F0B37D92CAE51A700A261E4 /* liberation_sans_bold.ttf */,
				8F0B37DC2CAE51A700A261E4 /* medel.ttf */,
				8F0B37DA2CAE51A700A261E4 /* montserratmedium.ttf */,
				8F0B37DB2CAE51A700A261E4 /* montserratregular.ttf */,
			);
			path = Fonts;
			sourceTree = "<group>";
		};
		8F0B37E72CAE544900A261E4 /* OneSignalNotificationServiceExtension */ = {
			isa = PBXGroup;
			children = (
				8F0B37E82CAE544900A261E4 /* NotificationService.swift */,
				8F0B37EA2CAE544900A261E4 /* Info.plist */,
			);
			path = OneSignalNotificationServiceExtension;
			sourceTree = "<group>";
		};
		8F105B632CB078EC0036EF64 /* ViewModel */ = {
			isa = PBXGroup;
			children = (
				8F60386B2CBDF9F500E611F0 /* Devocional */,
				8FD27AB12CB480EE00667C2F /* Ajustes */,
				8F25FAE22CB2FA5C001BE477 /* Login */,
			);
			path = ViewModel;
			sourceTree = "<group>";
		};
		8F245FE72CBA2E4500F145D1 /* Modelos */ = {
			isa = PBXGroup;
			children = (
				8F60386F2CBDFBFE00E611F0 /* Devocional */,
				8F792FA02CBAF9550013211E /* Ajustes */,
			);
			path = Modelos;
			sourceTree = "<group>";
		};
		8F25FADF2CB2E301001BE477 /* Principal */ = {
			isa = PBXGroup;
			children = (
				8FD27AA82CB42CAB00667C2F /* Ajustes */,
				8FD27AA72CB42CA000667C2F /* Biblia */,
				8FD27AA62CB42C9800667C2F /* Devocional */,
				8FD27AA52CB42C8400667C2F /* Inicio */,
				8F25FAE02CB2E30F001BE477 /* PrincipalView.swift */,
			);
			path = Principal;
			sourceTree = "<group>";
		};
		8F25FAE22CB2FA5C001BE477 /* Login */ = {
			isa = PBXGroup;
			children = (
				8F105B642CB078FF0036EF64 /* MunicipioViewModel.swift */,
				8F48F8852CB1BA4C001E1819 /* RegistrarseViewModel.swift */,
				8F25FAE32CB2FA70001BE477 /* LoginViewModel.swift */,
				8F25FAE92CB312FE001BE477 /* CorreoOTPViewModel.swift */,
				8F25FAEB2CB32646001BE477 /* CodigoOTPViewModel.swift */,
				8F25FAEF2CB333CA001BE477 /* ResetPasswordViewModel.swift */,
			);
			path = Login;
			sourceTree = "<group>";
		};
		8F2FEB8D2CAEE37E00647572 /* Pantallas */ = {
			isa = PBXGroup;
			children = (
				8F25FADF2CB2E301001BE477 /* Principal */,
				8F2FEB8E2CAEE39100647572 /* Login */,
			);
			path = Pantallas;
			sourceTree = "<group>";
		};
		8F2FEB8E2CAEE39100647572 /* Login */ = {
			isa = PBXGroup;
			children = (
				8F25FAE72CB312AF001BE477 /* CodigoOTPView.swift */,
				8F25FAE52CB304A0001BE477 /* ContrasenaOlvidadaView.swift */,
				8F2FEB8F2CAEE3D400647572 /* SplashScreenView.swift */,
				8F2FEBA92CAEF02900647572 /* LoginPresentacionView.swift */,
				8F2FEBB42CAF30B700647572 /* RegistroView.swift */,
				8F2FEBB62CAF333600647572 /* LoginView.swift */,
				8F25FAED2CB331F6001BE477 /* NuevaPasswordLoginView.swift */,
			);
			path = Login;
			sourceTree = "<group>";
		};
		8F2FEB932CAEE60E00647572 /* Componentes */ = {
			isa = PBXGroup;
			children = (
				8F2FEB972CAEE64600647572 /* PopUp */,
				8F2FEB962CAEE64200647572 /* Timer */,
				8F2FEB952CAEE63800647572 /* Estructuras */,
				8F2FEB942CAEE62F00647572 /* Camara */,
			);
			path = Componentes;
			sourceTree = "<group>";
		};
		8F2FEB942CAEE62F00647572 /* Camara */ = {
			isa = PBXGroup;
			children = (
				8F2FEB9C2CAEE6A400647572 /* BottomSheetCamaraGaleriaView.swift */,
			);
			path = Camara;
			sourceTree = "<group>";
		};
		8F2FEB952CAEE63800647572 /* Estructuras */ = {
			isa = PBXGroup;
			children = (
				8FA17F7E2CC73A2700F52765 /* Html */,
				8F2FEB9E2CAEE72C00647572 /* CustomModalView.swift */,
				8F2FEBA02CAEE75400647572 /* LoadingSpinnerView.swift */,
				8F2FEBA22CAEE77200647572 /* CustomModal2ButtonView.swift */,
				8F2FEBA42CAEE78D00647572 /* StructReutilizable.swift */,
				8F25FAF12CB33EF2001BE477 /* OTPInput.swift */,
				8FD27AB42CB4BA0000667C2F /* ThemeChangeView.swift */,
				8F245FE32CB9F3DB00F145D1 /* ToastViewModel.swift */,
				8F06A1172CC08A9900165504 /* HTMLDatos.swift */,
			);
			path = Estructuras;
			sourceTree = "<group>";
		};
		8F2FEB962CAEE64200647572 /* Timer */ = {
			isa = PBXGroup;
			children = (
			);
			path = Timer;
			sourceTree = "<group>";
		};
		8F2FEB972CAEE64600647572 /* PopUp */ = {
			isa = PBXGroup;
			children = (
				8F2FEB982CAEE65700647572 /* PopImg2BtnView.swift */,
				8F2FEB9A2CAEE66600647572 /* PopImg1BtnView.swift */,
			);
			path = PopUp;
			sourceTree = "<group>";
		};
		8F2FEBA62CAEE8DB00647572 /* Network */ = {
			isa = PBXGroup;
			children = (
				8F2FEBA72CAEE90C00647572 /* ApiNetwork.swift */,
			);
			path = Network;
			sourceTree = "<group>";
		};
		8F2FEBAD2CAF044000647572 /* Idiomas */ = {
			isa = PBXGroup;
			children = (
				8F2FEBAE2CAF045000647572 /* Localizable.strings */,
				8F2FEBB22CAF123900647572 /* TextoIdiomaController.swift */,
				8FDCC44F2CB8BD9D00700F4A /* IdiomaSettings.swift */,
			);
			path = Idiomas;
			sourceTree = "<group>";
		};
		8F58B04F2CB8328B00DEC534 /* Notificaciones */ = {
			isa = PBXGroup;
			children = (
				8FDCC4512CB8D31B00700F4A /* NotificacionesAjustesView.swift */,
			);
			path = Notificaciones;
			sourceTree = "<group>";
		};
		8F58B0502CB8329800DEC534 /* Contrasena */ = {
			isa = PBXGroup;
			children = (
				8F245FDF2CB9808F00F145D1 /* ContrasenaAjustesView.swift */,
			);
			path = Contrasena;
			sourceTree = "<group>";
		};
		8F58B0512CB832A600DEC534 /* InsigniaPorGanar */ = {
			isa = PBXGroup;
			children = (
				8F245FE12CB9955800F145D1 /* InsigniasPorGanarAjustesView.swift */,
			);
			path = InsigniaPorGanar;
			sourceTree = "<group>";
		};
		8F5B109D2CB5847B0013078E /* Opciones */ = {
			isa = PBXGroup;
			children = (
				8F58B0512CB832A600DEC534 /* InsigniaPorGanar */,
				8F58B0502CB8329800DEC534 /* Contrasena */,
				8F58B04F2CB8328B00DEC534 /* Notificaciones */,
				8F5B109E2CB584820013078E /* Perfil */,
			);
			path = Opciones;
			sourceTree = "<group>";
		};
		8F5B109E2CB584820013078E /* Perfil */ = {
			isa = PBXGroup;
			children = (
				8F5B109F2CB584920013078E /* PerfilView.swift */,
			);
			path = Perfil;
			sourceTree = "<group>";
		};
		8F6038682CBDF9C500E611F0 /* Tabs */ = {
			isa = PBXGroup;
			children = (
				8F6038692CBDF9D700E611F0 /* TabMisPlanesView.swift */,
				8F611A4E2CBF3ACD00F384EE /* TabsBuscarPlanesView.swift */,
			);
			path = Tabs;
			sourceTree = "<group>";
		};
		8F60386B2CBDF9F500E611F0 /* Devocional */ = {
			isa = PBXGroup;
			children = (
				8FD0AD3C2CC42056008207E5 /* BloqueFechas */,
				8F611A532CBF58FD00F384EE /* Informacion */,
				8F60386C2CBDF9FB00E611F0 /* Tabs */,
			);
			path = Devocional;
			sourceTree = "<group>";
		};
		8F60386C2CBDF9FB00E611F0 /* Tabs */ = {
			isa = PBXGroup;
			children = (
				8F60386D2CBDFA1C00E611F0 /* TabsMisPlanesViewModel.swift */,
				8F611A4C2CBF3A2D00F384EE /* TabsBuscarPlanesViewModel.swift */,
			);
			path = Tabs;
			sourceTree = "<group>";
		};
		8F60386F2CBDFBFE00E611F0 /* Devocional */ = {
			isa = PBXGroup;
			children = (
				8F6038702CBDFC1900E611F0 /* ModeloMisPlanes.swift */,
				8FD0AD3F2CC42338008207E5 /* ModeloBloqueFecha.swift */,
			);
			path = Devocional;
			sourceTree = "<group>";
		};
		8F611A502CBF4AF400F384EE /* Informacion */ = {
			isa = PBXGroup;
			children = (
				8F611A512CBF4B0300F384EE /* InformacionPlanView.swift */,
				8F0ADAF62CC1F8ED005F84C4 /* ListaAmigosIniciarPlanView.swift */,
			);
			path = Informacion;
			sourceTree = "<group>";
		};
		8F611A532CBF58FD00F384EE /* Informacion */ = {
			isa = PBXGroup;
			children = (
				8F611A542CBF591000F384EE /* InformacionPlanViewModel.swift */,
				8F0ADAF42CC1F8D7005F84C4 /* ListaAmigosIniciarPlanViewModel.swift */,
			);
			path = Informacion;
			sourceTree = "<group>";
		};
		8F792F9A2CBADA530013211E /* Notificaciones */ = {
			isa = PBXGroup;
			children = (
				8F245FE52CB9FD1800F145D1 /* ListaNotificacionesViewModel.swift */,
				8F792F9B2CBADA6B0013211E /* BorrarNotificacionesViewModel.swift */,
			);
			path = Notificaciones;
			sourceTree = "<group>";
		};
		8F792F9D2CBAF9290013211E /* Insignias */ = {
			isa = PBXGroup;
			children = (
				8F792F9E2CBAF93D0013211E /* InsiginiasPorGanarViewModel.swift */,
			);
			path = Insignias;
			sourceTree = "<group>";
		};
		8F792FA02CBAF9550013211E /* Ajustes */ = {
			isa = PBXGroup;
			children = (
				8F245FE82CBA2E6300F145D1 /* ModeloNotificacionPager.swift */,
				8F792FA12CBAF96A0013211E /* ModeloInsignias.swift */,
			);
			path = Ajustes;
			sourceTree = "<group>";
		};
		8F792FA32CBB39F70013211E /* Perfil */ = {
			isa = PBXGroup;
			children = (
				8F792FA42CBB3A030013211E /* PerfilViewModel.swift */,
				8F23AF382CBC2FE800537F72 /* PerfilActualizarViewModel.swift */,
			);
			path = Perfil;
			sourceTree = "<group>";
		};
		8FA17F7E2CC73A2700F52765 /* Html */ = {
			isa = PBXGroup;
			children = (
				8FA17F7F2CC73A3000F52765 /* WebViewRepresentable.swift */,
			);
			path = Html;
			sourceTree = "<group>";
		};
		8FD0AD392CC41978008207E5 /* BloqueFechas */ = {
			isa = PBXGroup;
			children = (
				8FD0AD3A2CC4199F008207E5 /* BloqueFechaDevocionalView.swift */,
				8FA17F7A2CC7135C00F52765 /* TextoDevocionalView.swift */,
			);
			path = BloqueFechas;
			sourceTree = "<group>";
		};
		8FD0AD3C2CC42056008207E5 /* BloqueFechas */ = {
			isa = PBXGroup;
			children = (
				8FD0AD3D2CC42069008207E5 /* BloqueFechasDevocionalViewModel.swift */,
				8FD0AD412CC46EC2008207E5 /* BloqueFechasCompartirPreguntasViewModel.swift */,
				8FA17F7C2CC7136A00F52765 /* TextoDevocionalViewModel.swift */,
			);
			path = BloqueFechas;
			sourceTree = "<group>";
		};
		8FD27AA52CB42C8400667C2F /* Inicio */ = {
			isa = PBXGroup;
			children = (
				8FD27AAF2CB42EA200667C2F /* InicioView.swift */,
			);
			path = Inicio;
			sourceTree = "<group>";
		};
		8FD27AA62CB42C9800667C2F /* Devocional */ = {
			isa = PBXGroup;
			children = (
				8FD0AD392CC41978008207E5 /* BloqueFechas */,
				8F611A502CBF4AF400F384EE /* Informacion */,
				8F6038682CBDF9C500E611F0 /* Tabs */,
				8FD27AAD2CB42E8A00667C2F /* DevocionalView.swift */,
			);
			path = Devocional;
			sourceTree = "<group>";
		};
		8FD27AA72CB42CA000667C2F /* Biblia */ = {
			isa = PBXGroup;
			children = (
				8FD27AAB2CB42E7900667C2F /* BibliaView.swift */,
			);
			path = Biblia;
			sourceTree = "<group>";
		};
		8FD27AA82CB42CAB00667C2F /* Ajustes */ = {
			isa = PBXGroup;
			children = (
				8F5B109D2CB5847B0013078E /* Opciones */,
				8FD27AA92CB42E6700667C2F /* AjustesView.swift */,
			);
			path = Ajustes;
			sourceTree = "<group>";
		};
		8FD27AB12CB480EE00667C2F /* Ajustes */ = {
			isa = PBXGroup;
			children = (
				8F792FA32CBB39F70013211E /* Perfil */,
				8F792F9D2CBAF9290013211E /* Insignias */,
				8F792F9A2CBADA530013211E /* Notificaciones */,
				8FD27AB22CB4811500667C2F /* AjustesViewModel.swift */,
			);
			path = Ajustes;
			sourceTree = "<group>";
		};
		AC2EE84D8E78ED8CB6F3D2F2 /* Frameworks */ = {
			isa = PBXGroup;
			children = (
				B0BA244CD45975F0D3C5F1E0 /* Pods_AbbaSwiftUI.framework */,
				827E04458DC15BC0B179DED0 /* Pods_AbbaSwiftUI_AbbaSwiftUIUITests.framework */,
				715C2E7587C0C88961806A7F /* Pods_AbbaSwiftUITests.framework */,
				84928A548F8542BE9870B067 /* Pods_OneSignalNotificationServiceExtension.framework */,
			);
			name = Frameworks;
			sourceTree = "<group>";
		};
		B21ACDEEE9BF4C5FEE569683 /* Pods */ = {
			isa = PBXGroup;
			children = (
				821996AFBB43F6494F4F933F /* Pods-AbbaSwiftUI.debug.xcconfig */,
				4A47775F6E50B1D0D0AAF824 /* Pods-AbbaSwiftUI.release.xcconfig */,
				DA66E1D0851E26A1D6564069 /* Pods-AbbaSwiftUI-AbbaSwiftUIUITests.debug.xcconfig */,
				CB78907957C32F57FF53D0C6 /* Pods-AbbaSwiftUI-AbbaSwiftUIUITests.release.xcconfig */,
				BF81AAE9F7CF0570B4BAC9E1 /* Pods-AbbaSwiftUITests.debug.xcconfig */,
				C1705022AA202DB7398AA5DF /* Pods-AbbaSwiftUITests.release.xcconfig */,
				82B6438D87DD3ABDE01D3C19 /* Pods-OneSignalNotificationServiceExtension.debug.xcconfig */,
				AD90D20BA9C809B0AFC22C1F /* Pods-OneSignalNotificationServiceExtension.release.xcconfig */,
			);
			path = Pods;
			sourceTree = "<group>";
		};
/* End PBXGroup section */

/* Begin PBXNativeTarget section */
		8F0B37A62CAE4A7200A261E4 /* AbbaSwiftUI */ = {
			isa = PBXNativeTarget;
			buildConfigurationList = 8F0B37CB2CAE4A7400A261E4 /* Build configuration list for PBXNativeTarget "AbbaSwiftUI" */;
			buildPhases = (
				91B731C5D2A9C18ED7CD1824 /* [CP] Check Pods Manifest.lock */,
				8F0B37A32CAE4A7200A261E4 /* Sources */,
				8F0B37A42CAE4A7200A261E4 /* Frameworks */,
				8F0B37A52CAE4A7200A261E4 /* Resources */,
				8F0B37F12CAE544900A261E4 /* Embed Foundation Extensions */,
				2826044186CE7FF49EA9BE55 /* [CP] Embed Pods Frameworks */,
			);
			buildRules = (
			);
			dependencies = (
				8F0B37EC2CAE544900A261E4 /* PBXTargetDependency */,
			);
			name = AbbaSwiftUI;
			packageProductDependencies = (
				8F0B37F32CAE54F800A261E4 /* OneSignalExtension */,
				8F0B37F52CAE54F800A261E4 /* OneSignalFramework */,
				8F0B37F72CAE54F800A261E4 /* OneSignalInAppMessages */,
				8F0B37F92CAE54F800A261E4 /* OneSignalLocation */,
			);
			productName = AbbaSwiftUI;
			productReference = 8F0B37A72CAE4A7200A261E4 /* AbbaSwiftUI.app */;
			productType = "com.apple.product-type.application";
		};
		8F0B37B62CAE4A7400A261E4 /* AbbaSwiftUITests */ = {
			isa = PBXNativeTarget;
			buildConfigurationList = 8F0B37CE2CAE4A7400A261E4 /* Build configuration list for PBXNativeTarget "AbbaSwiftUITests" */;
			buildPhases = (
				14D21088C86D1B10D6AA51BD /* [CP] Check Pods Manifest.lock */,
				8F0B37B32CAE4A7400A261E4 /* Sources */,
				8F0B37B42CAE4A7400A261E4 /* Frameworks */,
				8F0B37B52CAE4A7400A261E4 /* Resources */,
			);
			buildRules = (
			);
			dependencies = (
				8F0B37B92CAE4A7400A261E4 /* PBXTargetDependency */,
			);
			name = AbbaSwiftUITests;
			productName = AbbaSwiftUITests;
			productReference = 8F0B37B72CAE4A7400A261E4 /* AbbaSwiftUITests.xctest */;
			productType = "com.apple.product-type.bundle.unit-test";
		};
		8F0B37C02CAE4A7400A261E4 /* AbbaSwiftUIUITests */ = {
			isa = PBXNativeTarget;
			buildConfigurationList = 8F0B37D12CAE4A7400A261E4 /* Build configuration list for PBXNativeTarget "AbbaSwiftUIUITests" */;
			buildPhases = (
				14F20C56E8EEE4BE6A8EEB7F /* [CP] Check Pods Manifest.lock */,
				8F0B37BD2CAE4A7400A261E4 /* Sources */,
				8F0B37BE2CAE4A7400A261E4 /* Frameworks */,
				8F0B37BF2CAE4A7400A261E4 /* Resources */,
				75FABD4E983EEC9227A1EC85 /* [CP] Embed Pods Frameworks */,
			);
			buildRules = (
			);
			dependencies = (
				8F0B37C32CAE4A7400A261E4 /* PBXTargetDependency */,
			);
			name = AbbaSwiftUIUITests;
			productName = AbbaSwiftUIUITests;
			productReference = 8F0B37C12CAE4A7400A261E4 /* AbbaSwiftUIUITests.xctest */;
			productType = "com.apple.product-type.bundle.ui-testing";
		};
		8F0B37E52CAE544900A261E4 /* OneSignalNotificationServiceExtension */ = {
			isa = PBXNativeTarget;
			buildConfigurationList = 8F0B37EE2CAE544900A261E4 /* Build configuration list for PBXNativeTarget "OneSignalNotificationServiceExtension" */;
			buildPhases = (
				2B34E0CCEF198882ECD1B718 /* [CP] Check Pods Manifest.lock */,
				8F0B37E22CAE544900A261E4 /* Sources */,
				8F0B37E32CAE544900A261E4 /* Frameworks */,
				8F0B37E42CAE544900A261E4 /* Resources */,
			);
			buildRules = (
			);
			dependencies = (
			);
			name = OneSignalNotificationServiceExtension;
			productName = OneSignalNotificationServiceExtension;
			productReference = 8F0B37E62CAE544900A261E4 /* OneSignalNotificationServiceExtension.appex */;
			productType = "com.apple.product-type.app-extension";
		};
/* End PBXNativeTarget section */

/* Begin PBXProject section */
		8F0B379F2CAE4A7200A261E4 /* Project object */ = {
			isa = PBXProject;
			attributes = {
				BuildIndependentTargetsInParallel = 1;
				LastSwiftUpdateCheck = 1530;
				LastUpgradeCheck = 1530;
				TargetAttributes = {
					8F0B37A62CAE4A7200A261E4 = {
						CreatedOnToolsVersion = 15.3;
					};
					8F0B37B62CAE4A7400A261E4 = {
						CreatedOnToolsVersion = 15.3;
						TestTargetID = 8F0B37A62CAE4A7200A261E4;
					};
					8F0B37C02CAE4A7400A261E4 = {
						CreatedOnToolsVersion = 15.3;
						TestTargetID = 8F0B37A62CAE4A7200A261E4;
					};
					8F0B37E52CAE544900A261E4 = {
						CreatedOnToolsVersion = 15.3;
					};
				};
			};
			buildConfigurationList = 8F0B37A22CAE4A7200A261E4 /* Build configuration list for PBXProject "AbbaSwiftUI" */;
			compatibilityVersion = "Xcode 14.0";
			developmentRegion = en;
			hasScannedForEncodings = 0;
			knownRegions = (
				en,
				Base,
				es,
			);
			mainGroup = 8F0B379E2CAE4A7200A261E4;
			packageReferences = (
				8F0B37F22CAE54F800A261E4 /* XCRemoteSwiftPackageReference "OneSignal-XCFramework" */,
			);
			productRefGroup = 8F0B37A82CAE4A7200A261E4 /* Products */;
			projectDirPath = "";
			projectRoot = "";
			targets = (
				8F0B37A62CAE4A7200A261E4 /* AbbaSwiftUI */,
				8F0B37B62CAE4A7400A261E4 /* AbbaSwiftUITests */,
				8F0B37C02CAE4A7400A261E4 /* AbbaSwiftUIUITests */,
				8F0B37E52CAE544900A261E4 /* OneSignalNotificationServiceExtension */,
			);
		};
/* End PBXProject section */

/* Begin PBXResourcesBuildPhase section */
		8F0B37A52CAE4A7200A261E4 /* Resources */ = {
			isa = PBXResourcesBuildPhase;
			buildActionMask = 2147483647;
			files = (
				8F0B37E02CAE51A700A261E4 /* medel.ttf in Resources */,
				8F0B37DE2CAE51A700A261E4 /* montserratmedium.ttf in Resources */,
				8F0B37DD2CAE51A700A261E4 /* liberation_sans_bold.ttf in Resources */,
				8F2FEBB02CAF045000647572 /* Localizable.strings in Resources */,
				8F0B37B22CAE4A7400A261E4 /* Preview Assets.xcassets in Resources */,
				8F0B37DF2CAE51A700A261E4 /* montserratregular.ttf in Resources */,
				8F0B37AF2CAE4A7400A261E4 /* Assets.xcassets in Resources */,
			);
			runOnlyForDeploymentPostprocessing = 0;
		};
		8F0B37B52CAE4A7400A261E4 /* Resources */ = {
			isa = PBXResourcesBuildPhase;
			buildActionMask = 2147483647;
			files = (
			);
			runOnlyForDeploymentPostprocessing = 0;
		};
		8F0B37BF2CAE4A7400A261E4 /* Resources */ = {
			isa = PBXResourcesBuildPhase;
			buildActionMask = 2147483647;
			files = (
			);
			runOnlyForDeploymentPostprocessing = 0;
		};
		8F0B37E42CAE544900A261E4 /* Resources */ = {
			isa = PBXResourcesBuildPhase;
			buildActionMask = 2147483647;
			files = (
			);
			runOnlyForDeploymentPostprocessing = 0;
		};
/* End PBXResourcesBuildPhase section */

/* Begin PBXShellScriptBuildPhase section */
		14D21088C86D1B10D6AA51BD /* [CP] Check Pods Manifest.lock */ = {
			isa = PBXShellScriptBuildPhase;
			buildActionMask = 2147483647;
			files = (
			);
			inputFileListPaths = (
			);
			inputPaths = (
				"${PODS_PODFILE_DIR_PATH}/Podfile.lock",
				"${PODS_ROOT}/Manifest.lock",
			);
			name = "[CP] Check Pods Manifest.lock";
			outputFileListPaths = (
			);
			outputPaths = (
				"$(DERIVED_FILE_DIR)/Pods-AbbaSwiftUITests-checkManifestLockResult.txt",
			);
			runOnlyForDeploymentPostprocessing = 0;
			shellPath = /bin/sh;
			shellScript = "diff \"${PODS_PODFILE_DIR_PATH}/Podfile.lock\" \"${PODS_ROOT}/Manifest.lock\" > /dev/null\nif [ $? != 0 ] ; then\n    # print error to STDERR\n    echo \"error: The sandbox is not in sync with the Podfile.lock. Run 'pod install' or update your CocoaPods installation.\" >&2\n    exit 1\nfi\n# This output is used by Xcode 'outputs' to avoid re-running this script phase.\necho \"SUCCESS\" > \"${SCRIPT_OUTPUT_FILE_0}\"\n";
			showEnvVarsInLog = 0;
		};
		14F20C56E8EEE4BE6A8EEB7F /* [CP] Check Pods Manifest.lock */ = {
			isa = PBXShellScriptBuildPhase;
			buildActionMask = 2147483647;
			files = (
			);
			inputFileListPaths = (
			);
			inputPaths = (
				"${PODS_PODFILE_DIR_PATH}/Podfile.lock",
				"${PODS_ROOT}/Manifest.lock",
			);
			name = "[CP] Check Pods Manifest.lock";
			outputFileListPaths = (
			);
			outputPaths = (
				"$(DERIVED_FILE_DIR)/Pods-AbbaSwiftUI-AbbaSwiftUIUITests-checkManifestLockResult.txt",
			);
			runOnlyForDeploymentPostprocessing = 0;
			shellPath = /bin/sh;
			shellScript = "diff \"${PODS_PODFILE_DIR_PATH}/Podfile.lock\" \"${PODS_ROOT}/Manifest.lock\" > /dev/null\nif [ $? != 0 ] ; then\n    # print error to STDERR\n    echo \"error: The sandbox is not in sync with the Podfile.lock. Run 'pod install' or update your CocoaPods installation.\" >&2\n    exit 1\nfi\n# This output is used by Xcode 'outputs' to avoid re-running this script phase.\necho \"SUCCESS\" > \"${SCRIPT_OUTPUT_FILE_0}\"\n";
			showEnvVarsInLog = 0;
		};
		2826044186CE7FF49EA9BE55 /* [CP] Embed Pods Frameworks */ = {
			isa = PBXShellScriptBuildPhase;
			buildActionMask = 2147483647;
			files = (
			);
			inputFileListPaths = (
				"${PODS_ROOT}/Target Support Files/Pods-AbbaSwiftUI/Pods-AbbaSwiftUI-frameworks-${CONFIGURATION}-input-files.xcfilelist",
			);
			name = "[CP] Embed Pods Frameworks";
			outputFileListPaths = (
				"${PODS_ROOT}/Target Support Files/Pods-AbbaSwiftUI/Pods-AbbaSwiftUI-frameworks-${CONFIGURATION}-output-files.xcfilelist",
			);
			runOnlyForDeploymentPostprocessing = 0;
			shellPath = /bin/sh;
			shellScript = "\"${PODS_ROOT}/Target Support Files/Pods-AbbaSwiftUI/Pods-AbbaSwiftUI-frameworks.sh\"\n";
			showEnvVarsInLog = 0;
		};
		2B34E0CCEF198882ECD1B718 /* [CP] Check Pods Manifest.lock */ = {
			isa = PBXShellScriptBuildPhase;
			buildActionMask = 2147483647;
			files = (
			);
			inputFileListPaths = (
			);
			inputPaths = (
				"${PODS_PODFILE_DIR_PATH}/Podfile.lock",
				"${PODS_ROOT}/Manifest.lock",
			);
			name = "[CP] Check Pods Manifest.lock";
			outputFileListPaths = (
			);
			outputPaths = (
				"$(DERIVED_FILE_DIR)/Pods-OneSignalNotificationServiceExtension-checkManifestLockResult.txt",
			);
			runOnlyForDeploymentPostprocessing = 0;
			shellPath = /bin/sh;
			shellScript = "diff \"${PODS_PODFILE_DIR_PATH}/Podfile.lock\" \"${PODS_ROOT}/Manifest.lock\" > /dev/null\nif [ $? != 0 ] ; then\n    # print error to STDERR\n    echo \"error: The sandbox is not in sync with the Podfile.lock. Run 'pod install' or update your CocoaPods installation.\" >&2\n    exit 1\nfi\n# This output is used by Xcode 'outputs' to avoid re-running this script phase.\necho \"SUCCESS\" > \"${SCRIPT_OUTPUT_FILE_0}\"\n";
			showEnvVarsInLog = 0;
		};
		75FABD4E983EEC9227A1EC85 /* [CP] Embed Pods Frameworks */ = {
			isa = PBXShellScriptBuildPhase;
			buildActionMask = 2147483647;
			files = (
			);
			inputFileListPaths = (
				"${PODS_ROOT}/Target Support Files/Pods-AbbaSwiftUI-AbbaSwiftUIUITests/Pods-AbbaSwiftUI-AbbaSwiftUIUITests-frameworks-${CONFIGURATION}-input-files.xcfilelist",
			);
			name = "[CP] Embed Pods Frameworks";
			outputFileListPaths = (
				"${PODS_ROOT}/Target Support Files/Pods-AbbaSwiftUI-AbbaSwiftUIUITests/Pods-AbbaSwiftUI-AbbaSwiftUIUITests-frameworks-${CONFIGURATION}-output-files.xcfilelist",
			);
			runOnlyForDeploymentPostprocessing = 0;
			shellPath = /bin/sh;
			shellScript = "\"${PODS_ROOT}/Target Support Files/Pods-AbbaSwiftUI-AbbaSwiftUIUITests/Pods-AbbaSwiftUI-AbbaSwiftUIUITests-frameworks.sh\"\n";
			showEnvVarsInLog = 0;
		};
		91B731C5D2A9C18ED7CD1824 /* [CP] Check Pods Manifest.lock */ = {
			isa = PBXShellScriptBuildPhase;
			buildActionMask = 2147483647;
			files = (
			);
			inputFileListPaths = (
			);
			inputPaths = (
				"${PODS_PODFILE_DIR_PATH}/Podfile.lock",
				"${PODS_ROOT}/Manifest.lock",
			);
			name = "[CP] Check Pods Manifest.lock";
			outputFileListPaths = (
			);
			outputPaths = (
				"$(DERIVED_FILE_DIR)/Pods-AbbaSwiftUI-checkManifestLockResult.txt",
			);
			runOnlyForDeploymentPostprocessing = 0;
			shellPath = /bin/sh;
			shellScript = "diff \"${PODS_PODFILE_DIR_PATH}/Podfile.lock\" \"${PODS_ROOT}/Manifest.lock\" > /dev/null\nif [ $? != 0 ] ; then\n    # print error to STDERR\n    echo \"error: The sandbox is not in sync with the Podfile.lock. Run 'pod install' or update your CocoaPods installation.\" >&2\n    exit 1\nfi\n# This output is used by Xcode 'outputs' to avoid re-running this script phase.\necho \"SUCCESS\" > \"${SCRIPT_OUTPUT_FILE_0}\"\n";
			showEnvVarsInLog = 0;
		};
/* End PBXShellScriptBuildPhase section */

/* Begin PBXSourcesBuildPhase section */
		8F0B37A32CAE4A7200A261E4 /* Sources */ = {
			isa = PBXSourcesBuildPhase;
			buildActionMask = 2147483647;
			files = (
				8F2FEB9F2CAEE72C00647572 /* CustomModalView.swift in Sources */,
				8F2FEBA12CAEE75400647572 /* LoadingSpinnerView.swift in Sources */,
				8F2FEB9D2CAEE6A400647572 /* BottomSheetCamaraGaleriaView.swift in Sources */,
				8F25FAEC2CB32646001BE477 /* CodigoOTPViewModel.swift in Sources */,
				8FD27AB52CB4BA0000667C2F /* ThemeChangeView.swift in Sources */,
				8FD0AD3B2CC4199F008207E5 /* BloqueFechaDevocionalView.swift in Sources */,
				8F2FEBB72CAF333600647572 /* LoginView.swift in Sources */,
				8F25FAF02CB333CA001BE477 /* ResetPasswordViewModel.swift in Sources */,
				8F245FE92CBA2E6300F145D1 /* ModeloNotificacionPager.swift in Sources */,
				8F792F9C2CBADA6B0013211E /* BorrarNotificacionesViewModel.swift in Sources */,
				8F06A1182CC08A9900165504 /* HTMLDatos.swift in Sources */,
				8FDCC4502CB8BD9D00700F4A /* IdiomaSettings.swift in Sources */,
				8FD27AAA2CB42E6700667C2F /* AjustesView.swift in Sources */,
				8FDCC4522CB8D31B00700F4A /* NotificacionesAjustesView.swift in Sources */,
				8F6038712CBDFC1900E611F0 /* ModeloMisPlanes.swift in Sources */,
				8F25FAEE2CB331F6001BE477 /* NuevaPasswordLoginView.swift in Sources */,
				8F25FAEA2CB312FE001BE477 /* CorreoOTPViewModel.swift in Sources */,
				8F245FE62CB9FD1800F145D1 /* ListaNotificacionesViewModel.swift in Sources */,
				8FA17F802CC73A3000F52765 /* WebViewRepresentable.swift in Sources */,
				8F2FEBB32CAF123900647572 /* TextoIdiomaController.swift in Sources */,
				8F0ADAF72CC1F8ED005F84C4 /* ListaAmigosIniciarPlanView.swift in Sources */,
				8FD0AD3E2CC42069008207E5 /* BloqueFechasDevocionalViewModel.swift in Sources */,
				8F2FEBA82CAEE90C00647572 /* ApiNetwork.swift in Sources */,
				8F48F8862CB1BA4C001E1819 /* RegistrarseViewModel.swift in Sources */,
				8F792FA52CBB3A030013211E /* PerfilViewModel.swift in Sources */,
				8F06A11B2CC0BB4800165504 /* GlobalVariablesSettings.swift in Sources */,
				8F60386A2CBDF9D700E611F0 /* TabMisPlanesView.swift in Sources */,
				8F5B10A02CB584920013078E /* PerfilView.swift in Sources */,
				8F611A522CBF4B0300F384EE /* InformacionPlanView.swift in Sources */,
				8FD27AAE2CB42E8A00667C2F /* DevocionalView.swift in Sources */,
				8F0B37D62CAE4F1700A261E4 /* DatosGuardadosKeys.swift in Sources */,
				8F245FE22CB9955800F145D1 /* InsigniasPorGanarAjustesView.swift in Sources */,
				8F245FE02CB9808F00F145D1 /* ContrasenaAjustesView.swift in Sources */,
				8F23AF392CBC2FE800537F72 /* PerfilActualizarViewModel.swift in Sources */,
				8F25FAF22CB33EF2001BE477 /* OTPInput.swift in Sources */,
				8F2FEBA52CAEE78D00647572 /* StructReutilizable.swift in Sources */,
				8F792FA22CBAF96A0013211E /* ModeloInsignias.swift in Sources */,
				8FD0AD422CC46EC2008207E5 /* BloqueFechasCompartirPreguntasViewModel.swift in Sources */,
				8F245FE42CB9F3DB00F145D1 /* ToastViewModel.swift in Sources */,
				8F0ADAF52CC1F8D7005F84C4 /* ListaAmigosIniciarPlanViewModel.swift in Sources */,
				8F2FEBAA2CAEF02900647572 /* LoginPresentacionView.swift in Sources */,
				8F611A552CBF591000F384EE /* InformacionPlanViewModel.swift in Sources */,
				8F2FEBA32CAEE77200647572 /* CustomModal2ButtonView.swift in Sources */,
				8F2FEBB52CAF30B700647572 /* RegistroView.swift in Sources */,
				8FD27AB32CB4811500667C2F /* AjustesViewModel.swift in Sources */,
				8F792F9F2CBAF93D0013211E /* InsiginiasPorGanarViewModel.swift in Sources */,
				8F25FAE82CB312AF001BE477 /* CodigoOTPView.swift in Sources */,
				8F25FAE62CB304A0001BE477 /* ContrasenaOlvidadaView.swift in Sources */,
				8FD27AB02CB42EA200667C2F /* InicioView.swift in Sources */,
				8F611A4F2CBF3ACD00F384EE /* TabsBuscarPlanesView.swift in Sources */,
				8FD27AAC2CB42E7900667C2F /* BibliaView.swift in Sources */,
				8F2FEB9B2CAEE66600647572 /* PopImg1BtnView.swift in Sources */,
				8F60386E2CBDFA1C00E611F0 /* TabsMisPlanesViewModel.swift in Sources */,
				8F611A4D2CBF3A2D00F384EE /* TabsBuscarPlanesViewModel.swift in Sources */,
				8F25FAE12CB2E30F001BE477 /* PrincipalView.swift in Sources */,
				8FA17F7B2CC7135C00F52765 /* TextoDevocionalView.swift in Sources */,
				8FA17F7D2CC7136A00F52765 /* TextoDevocionalViewModel.swift in Sources */,
				8F105B652CB078FF0036EF64 /* MunicipioViewModel.swift in Sources */,
				8F0B37AB2CAE4A7200A261E4 /* AbbaSwiftUIApp.swift in Sources */,
				8FD0AD402CC42338008207E5 /* ModeloBloqueFecha.swift in Sources */,
				8F2FEB992CAEE65700647572 /* PopImg2BtnView.swift in Sources */,
				8F25FAE42CB2FA70001BE477 /* LoginViewModel.swift in Sources */,
				8F2FEB902CAEE3D400647572 /* SplashScreenView.swift in Sources */,
			);
			runOnlyForDeploymentPostprocessing = 0;
		};
		8F0B37B32CAE4A7400A261E4 /* Sources */ = {
			isa = PBXSourcesBuildPhase;
			buildActionMask = 2147483647;
			files = (
				8F0B37BC2CAE4A7400A261E4 /* AbbaSwiftUITests.swift in Sources */,
			);
			runOnlyForDeploymentPostprocessing = 0;
		};
		8F0B37BD2CAE4A7400A261E4 /* Sources */ = {
			isa = PBXSourcesBuildPhase;
			buildActionMask = 2147483647;
			files = (
				8F0B37C82CAE4A7400A261E4 /* AbbaSwiftUIUITestsLaunchTests.swift in Sources */,
				8F0B37C62CAE4A7400A261E4 /* AbbaSwiftUIUITests.swift in Sources */,
			);
			runOnlyForDeploymentPostprocessing = 0;
		};
		8F0B37E22CAE544900A261E4 /* Sources */ = {
			isa = PBXSourcesBuildPhase;
			buildActionMask = 2147483647;
			files = (
				8F0B37E92CAE544900A261E4 /* NotificationService.swift in Sources */,
			);
			runOnlyForDeploymentPostprocessing = 0;
		};
/* End PBXSourcesBuildPhase section */

/* Begin PBXTargetDependency section */
		8F0B37B92CAE4A7400A261E4 /* PBXTargetDependency */ = {
			isa = PBXTargetDependency;
			target = 8F0B37A62CAE4A7200A261E4 /* AbbaSwiftUI */;
			targetProxy = 8F0B37B82CAE4A7400A261E4 /* PBXContainerItemProxy */;
		};
		8F0B37C32CAE4A7400A261E4 /* PBXTargetDependency */ = {
			isa = PBXTargetDependency;
			target = 8F0B37A62CAE4A7200A261E4 /* AbbaSwiftUI */;
			targetProxy = 8F0B37C22CAE4A7400A261E4 /* PBXContainerItemProxy */;
		};
		8F0B37EC2CAE544900A261E4 /* PBXTargetDependency */ = {
			isa = PBXTargetDependency;
			target = 8F0B37E52CAE544900A261E4 /* OneSignalNotificationServiceExtension */;
			targetProxy = 8F0B37EB2CAE544900A261E4 /* PBXContainerItemProxy */;
		};
/* End PBXTargetDependency section */

/* Begin PBXVariantGroup section */
		8F2FEBAE2CAF045000647572 /* Localizable.strings */ = {
			isa = PBXVariantGroup;
			children = (
				8F2FEBAF2CAF045000647572 /* en */,
				8F2FEBB12CAF05FD00647572 /* es */,
			);
			name = Localizable.strings;
			sourceTree = "<group>";
		};
/* End PBXVariantGroup section */

/* Begin XCBuildConfiguration section */
		8F0B37C92CAE4A7400A261E4 /* Debug */ = {
			isa = XCBuildConfiguration;
			buildSettings = {
				ALWAYS_SEARCH_USER_PATHS = NO;
				ASSETCATALOG_COMPILER_GENERATE_SWIFT_ASSET_SYMBOL_EXTENSIONS = YES;
				CLANG_ANALYZER_LOCALIZABILITY_NONLOCALIZED = YES;
				CLANG_ANALYZER_NONNULL = YES;
				CLANG_ANALYZER_NUMBER_OBJECT_CONVERSION = YES_AGGRESSIVE;
				CLANG_CXX_LANGUAGE_STANDARD = "gnu++20";
				CLANG_ENABLE_MODULES = YES;
				CLANG_ENABLE_OBJC_ARC = YES;
				CLANG_ENABLE_OBJC_WEAK = YES;
				CLANG_WARN_BLOCK_CAPTURE_AUTORELEASING = YES;
				CLANG_WARN_BOOL_CONVERSION = YES;
				CLANG_WARN_COMMA = YES;
				CLANG_WARN_CONSTANT_CONVERSION = YES;
				CLANG_WARN_DEPRECATED_OBJC_IMPLEMENTATIONS = YES;
				CLANG_WARN_DIRECT_OBJC_ISA_USAGE = YES_ERROR;
				CLANG_WARN_DOCUMENTATION_COMMENTS = YES;
				CLANG_WARN_EMPTY_BODY = YES;
				CLANG_WARN_ENUM_CONVERSION = YES;
				CLANG_WARN_INFINITE_RECURSION = YES;
				CLANG_WARN_INT_CONVERSION = YES;
				CLANG_WARN_NON_LITERAL_NULL_CONVERSION = YES;
				CLANG_WARN_OBJC_IMPLICIT_RETAIN_SELF = YES;
				CLANG_WARN_OBJC_LITERAL_CONVERSION = YES;
				CLANG_WARN_OBJC_ROOT_CLASS = YES_ERROR;
				CLANG_WARN_QUOTED_INCLUDE_IN_FRAMEWORK_HEADER = YES;
				CLANG_WARN_RANGE_LOOP_ANALYSIS = YES;
				CLANG_WARN_STRICT_PROTOTYPES = YES;
				CLANG_WARN_SUSPICIOUS_MOVE = YES;
				CLANG_WARN_UNGUARDED_AVAILABILITY = YES_AGGRESSIVE;
				CLANG_WARN_UNREACHABLE_CODE = YES;
				CLANG_WARN__DUPLICATE_METHOD_MATCH = YES;
				COPY_PHASE_STRIP = NO;
				DEBUG_INFORMATION_FORMAT = dwarf;
				ENABLE_STRICT_OBJC_MSGSEND = YES;
				ENABLE_TESTABILITY = YES;
				ENABLE_USER_SCRIPT_SANDBOXING = YES;
				GCC_C_LANGUAGE_STANDARD = gnu17;
				GCC_DYNAMIC_NO_PIC = NO;
				GCC_NO_COMMON_BLOCKS = YES;
				GCC_OPTIMIZATION_LEVEL = 0;
				GCC_PREPROCESSOR_DEFINITIONS = (
					"DEBUG=1",
					"$(inherited)",
				);
				GCC_WARN_64_TO_32_BIT_CONVERSION = YES;
				GCC_WARN_ABOUT_RETURN_TYPE = YES_ERROR;
				GCC_WARN_UNDECLARED_SELECTOR = YES;
				GCC_WARN_UNINITIALIZED_AUTOS = YES_AGGRESSIVE;
				GCC_WARN_UNUSED_FUNCTION = YES;
				GCC_WARN_UNUSED_VARIABLE = YES;
				IPHONEOS_DEPLOYMENT_TARGET = 17.4;
				LOCALIZATION_PREFERS_STRING_CATALOGS = YES;
				MTL_ENABLE_DEBUG_INFO = INCLUDE_SOURCE;
				MTL_FAST_MATH = YES;
				ONLY_ACTIVE_ARCH = YES;
				SDKROOT = iphoneos;
				SWIFT_ACTIVE_COMPILATION_CONDITIONS = "DEBUG $(inherited)";
				SWIFT_OPTIMIZATION_LEVEL = "-Onone";
			};
			name = Debug;
		};
		8F0B37CA2CAE4A7400A261E4 /* Release */ = {
			isa = XCBuildConfiguration;
			buildSettings = {
				ALWAYS_SEARCH_USER_PATHS = NO;
				ASSETCATALOG_COMPILER_GENERATE_SWIFT_ASSET_SYMBOL_EXTENSIONS = YES;
				CLANG_ANALYZER_LOCALIZABILITY_NONLOCALIZED = YES;
				CLANG_ANALYZER_NONNULL = YES;
				CLANG_ANALYZER_NUMBER_OBJECT_CONVERSION = YES_AGGRESSIVE;
				CLANG_CXX_LANGUAGE_STANDARD = "gnu++20";
				CLANG_ENABLE_MODULES = YES;
				CLANG_ENABLE_OBJC_ARC = YES;
				CLANG_ENABLE_OBJC_WEAK = YES;
				CLANG_WARN_BLOCK_CAPTURE_AUTORELEASING = YES;
				CLANG_WARN_BOOL_CONVERSION = YES;
				CLANG_WARN_COMMA = YES;
				CLANG_WARN_CONSTANT_CONVERSION = YES;
				CLANG_WARN_DEPRECATED_OBJC_IMPLEMENTATIONS = YES;
				CLANG_WARN_DIRECT_OBJC_ISA_USAGE = YES_ERROR;
				CLANG_WARN_DOCUMENTATION_COMMENTS = YES;
				CLANG_WARN_EMPTY_BODY = YES;
				CLANG_WARN_ENUM_CONVERSION = YES;
				CLANG_WARN_INFINITE_RECURSION = YES;
				CLANG_WARN_INT_CONVERSION = YES;
				CLANG_WARN_NON_LITERAL_NULL_CONVERSION = YES;
				CLANG_WARN_OBJC_IMPLICIT_RETAIN_SELF = YES;
				CLANG_WARN_OBJC_LITERAL_CONVERSION = YES;
				CLANG_WARN_OBJC_ROOT_CLASS = YES_ERROR;
				CLANG_WARN_QUOTED_INCLUDE_IN_FRAMEWORK_HEADER = YES;
				CLANG_WARN_RANGE_LOOP_ANALYSIS = YES;
				CLANG_WARN_STRICT_PROTOTYPES = YES;
				CLANG_WARN_SUSPICIOUS_MOVE = YES;
				CLANG_WARN_UNGUARDED_AVAILABILITY = YES_AGGRESSIVE;
				CLANG_WARN_UNREACHABLE_CODE = YES;
				CLANG_WARN__DUPLICATE_METHOD_MATCH = YES;
				COPY_PHASE_STRIP = NO;
				DEBUG_INFORMATION_FORMAT = "dwarf-with-dsym";
				ENABLE_NS_ASSERTIONS = NO;
				ENABLE_STRICT_OBJC_MSGSEND = YES;
				ENABLE_USER_SCRIPT_SANDBOXING = YES;
				GCC_C_LANGUAGE_STANDARD = gnu17;
				GCC_NO_COMMON_BLOCKS = YES;
				GCC_WARN_64_TO_32_BIT_CONVERSION = YES;
				GCC_WARN_ABOUT_RETURN_TYPE = YES_ERROR;
				GCC_WARN_UNDECLARED_SELECTOR = YES;
				GCC_WARN_UNINITIALIZED_AUTOS = YES_AGGRESSIVE;
				GCC_WARN_UNUSED_FUNCTION = YES;
				GCC_WARN_UNUSED_VARIABLE = YES;
				IPHONEOS_DEPLOYMENT_TARGET = 17.4;
				LOCALIZATION_PREFERS_STRING_CATALOGS = YES;
				MTL_ENABLE_DEBUG_INFO = NO;
				MTL_FAST_MATH = YES;
				SDKROOT = iphoneos;
				SWIFT_COMPILATION_MODE = wholemodule;
				VALIDATE_PRODUCT = YES;
			};
			name = Release;
		};
		8F0B37CC2CAE4A7400A261E4 /* Debug */ = {
			isa = XCBuildConfiguration;
			baseConfigurationReference = 821996AFBB43F6494F4F933F /* Pods-AbbaSwiftUI.debug.xcconfig */;
			buildSettings = {
				ALWAYS_EMBED_SWIFT_STANDARD_LIBRARIES = YES;
				ASSETCATALOG_COMPILER_APPICON_NAME = AppIcon;
				ASSETCATALOG_COMPILER_GLOBAL_ACCENT_COLOR_NAME = AccentColor;
				CODE_SIGN_ENTITLEMENTS = AbbaSwiftUI/AbbaSwiftUI.entitlements;
				CODE_SIGN_STYLE = Automatic;
				CURRENT_PROJECT_VERSION = 17;
				DEVELOPMENT_ASSET_PATHS = "\"AbbaSwiftUI/Preview Content\"";
				DEVELOPMENT_TEAM = 42VSDQG6FV;
				ENABLE_PREVIEWS = YES;
				ENABLE_USER_SCRIPT_SANDBOXING = NO;
				GENERATE_INFOPLIST_FILE = YES;
				INFOPLIST_FILE = AbbaSwiftUI/Info.plist;
				INFOPLIST_KEY_CFBundleDisplayName = "Mi Caminar con Dios";
				INFOPLIST_KEY_LSApplicationCategoryType = "public.app-category.reference";
				INFOPLIST_KEY_NSCameraUsageDescription = "Necesitamos acceso a la cámara para tomar fotos";
				INFOPLIST_KEY_NSPhotoLibraryUsageDescription = "Necesitamos acceso a la galería para seleccionar fotos";
				INFOPLIST_KEY_UIApplicationSceneManifest_Generation = YES;
				INFOPLIST_KEY_UIApplicationSupportsIndirectInputEvents = YES;
				INFOPLIST_KEY_UILaunchScreen_Generation = YES;
				INFOPLIST_KEY_UISupportedInterfaceOrientations = "UIInterfaceOrientationPortrait UIInterfaceOrientationPortraitUpsideDown";
				IPHONEOS_DEPLOYMENT_TARGET = 16.4;
				LD_RUNPATH_SEARCH_PATHS = (
					"$(inherited)",
					"@executable_path/Frameworks",
				);
				MARKETING_VERSION = 1.1.6;
				PRODUCT_BUNDLE_IDENTIFIER = com.tatanstudios.micaminarcondios;
				PRODUCT_NAME = "$(TARGET_NAME)";
				SUPPORTED_PLATFORMS = "iphoneos iphonesimulator";
				SUPPORTS_MACCATALYST = NO;
				SUPPORTS_MAC_DESIGNED_FOR_IPHONE_IPAD = NO;
				SUPPORTS_XR_DESIGNED_FOR_IPHONE_IPAD = NO;
				SWIFT_EMIT_LOC_STRINGS = YES;
				SWIFT_VERSION = 5.0;
				TARGETED_DEVICE_FAMILY = 1;
			};
			name = Debug;
		};
		8F0B37CD2CAE4A7400A261E4 /* Release */ = {
			isa = XCBuildConfiguration;
			baseConfigurationReference = 4A47775F6E50B1D0D0AAF824 /* Pods-AbbaSwiftUI.release.xcconfig */;
			buildSettings = {
				ALWAYS_EMBED_SWIFT_STANDARD_LIBRARIES = YES;
				ASSETCATALOG_COMPILER_APPICON_NAME = AppIcon;
				ASSETCATALOG_COMPILER_GLOBAL_ACCENT_COLOR_NAME = AccentColor;
				CODE_SIGN_ENTITLEMENTS = AbbaSwiftUI/AbbaSwiftUI.entitlements;
				CODE_SIGN_STYLE = Automatic;
				CURRENT_PROJECT_VERSION = 17;
				DEVELOPMENT_ASSET_PATHS = "\"AbbaSwiftUI/Preview Content\"";
				DEVELOPMENT_TEAM = 42VSDQG6FV;
				ENABLE_PREVIEWS = YES;
				ENABLE_USER_SCRIPT_SANDBOXING = NO;
				GENERATE_INFOPLIST_FILE = YES;
				INFOPLIST_FILE = AbbaSwiftUI/Info.plist;
				INFOPLIST_KEY_CFBundleDisplayName = "Mi Caminar con Dios";
				INFOPLIST_KEY_LSApplicationCategoryType = "public.app-category.reference";
				INFOPLIST_KEY_NSCameraUsageDescription = "Necesitamos acceso a la cámara para tomar fotos";
				INFOPLIST_KEY_NSPhotoLibraryUsageDescription = "Necesitamos acceso a la galería para seleccionar fotos";
				INFOPLIST_KEY_UIApplicationSceneManifest_Generation = YES;
				INFOPLIST_KEY_UIApplicationSupportsIndirectInputEvents = YES;
				INFOPLIST_KEY_UILaunchScreen_Generation = YES;
				INFOPLIST_KEY_UISupportedInterfaceOrientations = "UIInterfaceOrientationPortrait UIInterfaceOrientationPortraitUpsideDown";
				IPHONEOS_DEPLOYMENT_TARGET = 16.4;
				LD_RUNPATH_SEARCH_PATHS = (
					"$(inherited)",
					"@executable_path/Frameworks",
				);
				MARKETING_VERSION = 1.1.6;
				PRODUCT_BUNDLE_IDENTIFIER = com.tatanstudios.micaminarcondios;
				PRODUCT_NAME = "$(TARGET_NAME)";
				SUPPORTED_PLATFORMS = "iphoneos iphonesimulator";
				SUPPORTS_MACCATALYST = NO;
				SUPPORTS_MAC_DESIGNED_FOR_IPHONE_IPAD = NO;
				SUPPORTS_XR_DESIGNED_FOR_IPHONE_IPAD = NO;
				SWIFT_EMIT_LOC_STRINGS = YES;
				SWIFT_VERSION = 5.0;
				TARGETED_DEVICE_FAMILY = 1;
			};
			name = Release;
		};
		8F0B37CF2CAE4A7400A261E4 /* Debug */ = {
			isa = XCBuildConfiguration;
			baseConfigurationReference = BF81AAE9F7CF0570B4BAC9E1 /* Pods-AbbaSwiftUITests.debug.xcconfig */;
			buildSettings = {
				ALWAYS_EMBED_SWIFT_STANDARD_LIBRARIES = YES;
				BUNDLE_LOADER = "$(TEST_HOST)";
				CODE_SIGN_STYLE = Automatic;
				CURRENT_PROJECT_VERSION = 1;
				DEVELOPMENT_TEAM = 42VSDQG6FV;
				GENERATE_INFOPLIST_FILE = YES;
				IPHONEOS_DEPLOYMENT_TARGET = 17.4;
				MARKETING_VERSION = 1.0;
				PRODUCT_BUNDLE_IDENTIFIER = com.tatanstudios.micaminarcondios.AbbaSwiftUITests;
				PRODUCT_NAME = "$(TARGET_NAME)";
				SWIFT_EMIT_LOC_STRINGS = NO;
				SWIFT_VERSION = 5.0;
				TARGETED_DEVICE_FAMILY = "1,2";
				TEST_HOST = "$(BUILT_PRODUCTS_DIR)/AbbaSwiftUI.app/$(BUNDLE_EXECUTABLE_FOLDER_PATH)/AbbaSwiftUI";
			};
			name = Debug;
		};
		8F0B37D02CAE4A7400A261E4 /* Release */ = {
			isa = XCBuildConfiguration;
			baseConfigurationReference = C1705022AA202DB7398AA5DF /* Pods-AbbaSwiftUITests.release.xcconfig */;
			buildSettings = {
				ALWAYS_EMBED_SWIFT_STANDARD_LIBRARIES = YES;
				BUNDLE_LOADER = "$(TEST_HOST)";
				CODE_SIGN_STYLE = Automatic;
				CURRENT_PROJECT_VERSION = 1;
				DEVELOPMENT_TEAM = 42VSDQG6FV;
				GENERATE_INFOPLIST_FILE = YES;
				IPHONEOS_DEPLOYMENT_TARGET = 17.4;
				MARKETING_VERSION = 1.0;
				PRODUCT_BUNDLE_IDENTIFIER = com.tatanstudios.micaminarcondios.AbbaSwiftUITests;
				PRODUCT_NAME = "$(TARGET_NAME)";
				SWIFT_EMIT_LOC_STRINGS = NO;
				SWIFT_VERSION = 5.0;
				TARGETED_DEVICE_FAMILY = "1,2";
				TEST_HOST = "$(BUILT_PRODUCTS_DIR)/AbbaSwiftUI.app/$(BUNDLE_EXECUTABLE_FOLDER_PATH)/AbbaSwiftUI";
			};
			name = Release;
		};
		8F0B37D22CAE4A7400A261E4 /* Debug */ = {
			isa = XCBuildConfiguration;
			baseConfigurationReference = DA66E1D0851E26A1D6564069 /* Pods-AbbaSwiftUI-AbbaSwiftUIUITests.debug.xcconfig */;
			buildSettings = {
				ALWAYS_EMBED_SWIFT_STANDARD_LIBRARIES = YES;
				CODE_SIGN_STYLE = Automatic;
				CURRENT_PROJECT_VERSION = 1;
				DEVELOPMENT_TEAM = 42VSDQG6FV;
				GENERATE_INFOPLIST_FILE = YES;
				MARKETING_VERSION = 1.0;
				PRODUCT_BUNDLE_IDENTIFIER = com.tatanstudios.micaminarcondios.AbbaSwiftUIUITests;
				PRODUCT_NAME = "$(TARGET_NAME)";
				SWIFT_EMIT_LOC_STRINGS = NO;
				SWIFT_VERSION = 5.0;
				TARGETED_DEVICE_FAMILY = "1,2";
				TEST_TARGET_NAME = AbbaSwiftUI;
			};
			name = Debug;
		};
		8F0B37D32CAE4A7400A261E4 /* Release */ = {
			isa = XCBuildConfiguration;
			baseConfigurationReference = CB78907957C32F57FF53D0C6 /* Pods-AbbaSwiftUI-AbbaSwiftUIUITests.release.xcconfig */;
			buildSettings = {
				ALWAYS_EMBED_SWIFT_STANDARD_LIBRARIES = YES;
				CODE_SIGN_STYLE = Automatic;
				CURRENT_PROJECT_VERSION = 1;
				DEVELOPMENT_TEAM = 42VSDQG6FV;
				GENERATE_INFOPLIST_FILE = YES;
				MARKETING_VERSION = 1.0;
				PRODUCT_BUNDLE_IDENTIFIER = com.tatanstudios.micaminarcondios.AbbaSwiftUIUITests;
				PRODUCT_NAME = "$(TARGET_NAME)";
				SWIFT_EMIT_LOC_STRINGS = NO;
				SWIFT_VERSION = 5.0;
				TARGETED_DEVICE_FAMILY = "1,2";
				TEST_TARGET_NAME = AbbaSwiftUI;
			};
			name = Release;
		};
		8F0B37EF2CAE544900A261E4 /* Debug */ = {
			isa = XCBuildConfiguration;
			baseConfigurationReference = 82B6438D87DD3ABDE01D3C19 /* Pods-OneSignalNotificationServiceExtension.debug.xcconfig */;
			buildSettings = {
				CODE_SIGN_STYLE = Automatic;
				CURRENT_PROJECT_VERSION = 1;
				DEVELOPMENT_TEAM = 42VSDQG6FV;
				GENERATE_INFOPLIST_FILE = YES;
				INFOPLIST_FILE = OneSignalNotificationServiceExtension/Info.plist;
				INFOPLIST_KEY_CFBundleDisplayName = OneSignalNotificationServiceExtension;
				INFOPLIST_KEY_NSHumanReadableCopyright = "";
				IPHONEOS_DEPLOYMENT_TARGET = 16.4;
				LD_RUNPATH_SEARCH_PATHS = (
					"$(inherited)",
					"@executable_path/Frameworks",
					"@executable_path/../../Frameworks",
				);
				MARKETING_VERSION = 1.0;
				PRODUCT_BUNDLE_IDENTIFIER = com.tatanstudios.micaminarcondios.OneSignalNotificationServiceExtension;
				PRODUCT_NAME = "$(TARGET_NAME)";
				SKIP_INSTALL = YES;
				SWIFT_EMIT_LOC_STRINGS = YES;
				SWIFT_VERSION = 5.0;
				TARGETED_DEVICE_FAMILY = "1,2";
			};
			name = Debug;
		};
		8F0B37F02CAE544900A261E4 /* Release */ = {
			isa = XCBuildConfiguration;
			baseConfigurationReference = AD90D20BA9C809B0AFC22C1F /* Pods-OneSignalNotificationServiceExtension.release.xcconfig */;
			buildSettings = {
				CODE_SIGN_STYLE = Automatic;
				CURRENT_PROJECT_VERSION = 1;
				DEVELOPMENT_TEAM = 42VSDQG6FV;
				GENERATE_INFOPLIST_FILE = YES;
				INFOPLIST_FILE = OneSignalNotificationServiceExtension/Info.plist;
				INFOPLIST_KEY_CFBundleDisplayName = OneSignalNotificationServiceExtension;
				INFOPLIST_KEY_NSHumanReadableCopyright = "";
				IPHONEOS_DEPLOYMENT_TARGET = 16.4;
				LD_RUNPATH_SEARCH_PATHS = (
					"$(inherited)",
					"@executable_path/Frameworks",
					"@executable_path/../../Frameworks",
				);
				MARKETING_VERSION = 1.0;
				PRODUCT_BUNDLE_IDENTIFIER = com.tatanstudios.micaminarcondios.OneSignalNotificationServiceExtension;
				PRODUCT_NAME = "$(TARGET_NAME)";
				SKIP_INSTALL = YES;
				SWIFT_EMIT_LOC_STRINGS = YES;
				SWIFT_VERSION = 5.0;
				TARGETED_DEVICE_FAMILY = "1,2";
			};
			name = Release;
		};
/* End XCBuildConfiguration section */

/* Begin XCConfigurationList section */
		8F0B37A22CAE4A7200A261E4 /* Build configuration list for PBXProject "AbbaSwiftUI" */ = {
			isa = XCConfigurationList;
			buildConfigurations = (
				8F0B37C92CAE4A7400A261E4 /* Debug */,
				8F0B37CA2CAE4A7400A261E4 /* Release */,
			);
			defaultConfigurationIsVisible = 0;
			defaultConfigurationName = Release;
		};
		8F0B37CB2CAE4A7400A261E4 /* Build configuration list for PBXNativeTarget "AbbaSwiftUI" */ = {
			isa = XCConfigurationList;
			buildConfigurations = (
				8F0B37CC2CAE4A7400A261E4 /* Debug */,
				8F0B37CD2CAE4A7400A261E4 /* Release */,
			);
			defaultConfigurationIsVisible = 0;
			defaultConfigurationName = Release;
		};
		8F0B37CE2CAE4A7400A261E4 /* Build configuration list for PBXNativeTarget "AbbaSwiftUITests" */ = {
			isa = XCConfigurationList;
			buildConfigurations = (
				8F0B37CF2CAE4A7400A261E4 /* Debug */,
				8F0B37D02CAE4A7400A261E4 /* Release */,
			);
			defaultConfigurationIsVisible = 0;
			defaultConfigurationName = Release;
		};
		8F0B37D12CAE4A7400A261E4 /* Build configuration list for PBXNativeTarget "AbbaSwiftUIUITests" */ = {
			isa = XCConfigurationList;
			buildConfigurations = (
				8F0B37D22CAE4A7400A261E4 /* Debug */,
				8F0B37D32CAE4A7400A261E4 /* Release */,
			);
			defaultConfigurationIsVisible = 0;
			defaultConfigurationName = Release;
		};
		8F0B37EE2CAE544900A261E4 /* Build configuration list for PBXNativeTarget "OneSignalNotificationServiceExtension" */ = {
			isa = XCConfigurationList;
			buildConfigurations = (
				8F0B37EF2CAE544900A261E4 /* Debug */,
				8F0B37F02CAE544900A261E4 /* Release */,
			);
			defaultConfigurationIsVisible = 0;
			defaultConfigurationName = Release;
		};
/* End XCConfigurationList section */

/* Begin XCRemoteSwiftPackageReference section */
		8F0B37F22CAE54F800A261E4 /* XCRemoteSwiftPackageReference "OneSignal-XCFramework" */ = {
			isa = XCRemoteSwiftPackageReference;
			repositoryURL = "https://github.com/OneSignal/OneSignal-XCFramework";
			requirement = {
				kind = upToNextMajorVersion;
				minimumVersion = 5.2.5;
			};
		};
/* End XCRemoteSwiftPackageReference section */

/* Begin XCSwiftPackageProductDependency section */
		8F0B37F32CAE54F800A261E4 /* OneSignalExtension */ = {
			isa = XCSwiftPackageProductDependency;
			package = 8F0B37F22CAE54F800A261E4 /* XCRemoteSwiftPackageReference "OneSignal-XCFramework" */;
			productName = OneSignalExtension;
		};
		8F0B37F52CAE54F800A261E4 /* OneSignalFramework */ = {
			isa = XCSwiftPackageProductDependency;
			package = 8F0B37F22CAE54F800A261E4 /* XCRemoteSwiftPackageReference "OneSignal-XCFramework" */;
			productName = OneSignalFramework;
		};
		8F0B37F72CAE54F800A261E4 /* OneSignalInAppMessages */ = {
			isa = XCSwiftPackageProductDependency;
			package = 8F0B37F22CAE54F800A261E4 /* XCRemoteSwiftPackageReference "OneSignal-XCFramework" */;
			productName = OneSignalInAppMessages;
		};
		8F0B37F92CAE54F800A261E4 /* OneSignalLocation */ = {
			isa = XCSwiftPackageProductDependency;
			package = 8F0B37F22CAE54F800A261E4 /* XCRemoteSwiftPackageReference "OneSignal-XCFramework" */;
			productName = OneSignalLocation;
		};
/* End XCSwiftPackageProductDependency section */
	};
	rootObject = 8F0B379F2CAE4A7200A261E4 /* Project object */;
}
